// !$*UTF8*$!
{
	archiveVersion = 1;
	classes = {
	};
	objectVersion = 55;
	objects = {

/* Begin PBXBuildFile section */
		24EB20180727972942353397 /* Pods_PictureDiary.framework in Frameworks */ = {isa = PBXBuildFile; fileRef = 9BD7439747D5C95598B0B8C8 /* Pods_PictureDiary.framework */; };
		602A74F128B9DAB000EEB554 /* complete.json in Resources */ = {isa = PBXBuildFile; fileRef = 602A74F028B9DAB000EEB554 /* complete.json */; };
		602A74F728B9DE9B00EEB554 /* nothing.json in Resources */ = {isa = PBXBuildFile; fileRef = 602A74F528B9DE9B00EEB554 /* nothing.json */; };
		602A74F828B9DE9B00EEB554 /* loading.json in Resources */ = {isa = PBXBuildFile; fileRef = 602A74F628B9DE9B00EEB554 /* loading.json */; };
		602A74FA28BA845C00EEB554 /* GoogleService-Info.plist in Resources */ = {isa = PBXBuildFile; fileRef = 602A74F928BA845C00EEB554 /* GoogleService-Info.plist */; };
		602A74FC28BBA12D00EEB554 /* CustomSlider.swift in Sources */ = {isa = PBXBuildFile; fileRef = 602A74FB28BBA12D00EEB554 /* CustomSlider.swift */; };
		603DA7CA28AE15D1007DF755 /* PictureDiary.xcdatamodeld in Resources */ = {isa = PBXBuildFile; fileRef = EA01F9D9282A67C600A6E450 /* PictureDiary.xcdatamodeld */; };
		607E30D728AE148A00BEA4DF /* PictureDiary+CoreDataClass.swift in Sources */ = {isa = PBXBuildFile; fileRef = 607E30D428AE148A00BEA4DF /* PictureDiary+CoreDataClass.swift */; };
		607E30D828AE148A00BEA4DF /* PictureDiary+CoreDataProperties.swift in Sources */ = {isa = PBXBuildFile; fileRef = 607E30D628AE148A00BEA4DF /* PictureDiary+CoreDataProperties.swift */; };
		607E8033289EE6560097FD8A /* ModelDiaryImageUploadResponse.swift in Sources */ = {isa = PBXBuildFile; fileRef = 607E8032289EE6560097FD8A /* ModelDiaryImageUploadResponse.swift */; };
		608A379328B9D3EE00F189C3 /* splash.json in Resources */ = {isa = PBXBuildFile; fileRef = 608A379228B9D3EE00F189C3 /* splash.json */; };
		60D307B028B5F286006E7514 /* SettingsRouter.swift in Sources */ = {isa = PBXBuildFile; fileRef = 60D307AC28B5F286006E7514 /* SettingsRouter.swift */; };
		60D307B128B5F286006E7514 /* SettingsInteractor.swift in Sources */ = {isa = PBXBuildFile; fileRef = 60D307AD28B5F286006E7514 /* SettingsInteractor.swift */; };
		60D307B228B5F286006E7514 /* SettingsBuilder.swift in Sources */ = {isa = PBXBuildFile; fileRef = 60D307AE28B5F286006E7514 /* SettingsBuilder.swift */; };
		60D307B328B5F286006E7514 /* SettingsViewController.swift in Sources */ = {isa = PBXBuildFile; fileRef = 60D307AF28B5F286006E7514 /* SettingsViewController.swift */; };
		60D307B528B60740006E7514 /* SettingType.swift in Sources */ = {isa = PBXBuildFile; fileRef = 60D307B428B60740006E7514 /* SettingType.swift */; };
		60D307B728B79405006E7514 /* SettingsCollectionViewCell.swift in Sources */ = {isa = PBXBuildFile; fileRef = 60D307B628B79405006E7514 /* SettingsCollectionViewCell.swift */; };
		60D307CC28B889EA006E7514 /* FontSettingRouter.swift in Sources */ = {isa = PBXBuildFile; fileRef = 60D307C828B889EA006E7514 /* FontSettingRouter.swift */; };
		60D307CD28B889EA006E7514 /* FontSettingViewController.swift in Sources */ = {isa = PBXBuildFile; fileRef = 60D307C928B889EA006E7514 /* FontSettingViewController.swift */; };
		60D307CE28B889EA006E7514 /* FontSettingBuilder.swift in Sources */ = {isa = PBXBuildFile; fileRef = 60D307CA28B889EA006E7514 /* FontSettingBuilder.swift */; };
		60D307CF28B889EA006E7514 /* FontSettingInteractor.swift in Sources */ = {isa = PBXBuildFile; fileRef = 60D307CB28B889EA006E7514 /* FontSettingInteractor.swift */; };
		60D307D228B88A67006E7514 /* FontSettingCell.swift in Sources */ = {isa = PBXBuildFile; fileRef = 60D307D128B88A67006E7514 /* FontSettingCell.swift */; };
		60D307D728B8EB91006E7514 /* NoticeRouter.swift in Sources */ = {isa = PBXBuildFile; fileRef = 60D307D328B8EB91006E7514 /* NoticeRouter.swift */; };
		60D307D828B8EB91006E7514 /* NoticeViewController.swift in Sources */ = {isa = PBXBuildFile; fileRef = 60D307D428B8EB91006E7514 /* NoticeViewController.swift */; };
		60D307D928B8EB91006E7514 /* NoticeBuilder.swift in Sources */ = {isa = PBXBuildFile; fileRef = 60D307D528B8EB91006E7514 /* NoticeBuilder.swift */; };
		60D307DA28B8EB91006E7514 /* NoticeInteractor.swift in Sources */ = {isa = PBXBuildFile; fileRef = 60D307D628B8EB91006E7514 /* NoticeInteractor.swift */; };
		60D307DD28B907D4006E7514 /* NoticeCell.swift in Sources */ = {isa = PBXBuildFile; fileRef = 60D307DC28B907D4006E7514 /* NoticeCell.swift */; };
		92EAA4EB9351DECAA3FD6804 /* PaletteView.swift in Sources */ = {isa = PBXBuildFile; fileRef = 92EAA71955F25FB0FBCEFCAE /* PaletteView.swift */; };
		EA08CF822858553E00A0A029 /* ShareInstagramView.swift in Sources */ = {isa = PBXBuildFile; fileRef = EA08CF812858553E00A0A029 /* ShareInstagramView.swift */; };
		EA08CF842858B84E00A0A029 /* AuthRepository.swift in Sources */ = {isa = PBXBuildFile; fileRef = EA08CF832858B84E00A0A029 /* AuthRepository.swift */; };
		EA08CF882858B98B00A0A029 /* KakaoAuth.swift in Sources */ = {isa = PBXBuildFile; fileRef = EA08CF872858B98B00A0A029 /* KakaoAuth.swift */; };
		EA08CF8A2858B99500A0A029 /* AppleAuth.swift in Sources */ = {isa = PBXBuildFile; fileRef = EA08CF892858B99500A0A029 /* AppleAuth.swift */; };
		EA08CF8C2858B99F00A0A029 /* GoogleAuth.swift in Sources */ = {isa = PBXBuildFile; fileRef = EA08CF8B2858B99F00A0A029 /* GoogleAuth.swift */; };
		EA0A3C132865B41700BD779B /* DiaryAPI.swift in Sources */ = {isa = PBXBuildFile; fileRef = EA0A3C122865B41700BD779B /* DiaryAPI.swift */; };
		EA0A3C172865C94000BD779B /* ModelCommonResponse.swift in Sources */ = {isa = PBXBuildFile; fileRef = EA0A3C162865C94000BD779B /* ModelCommonResponse.swift */; };
		EA108F85285B0B4D00F23226 /* OAuthProtocol.swift in Sources */ = {isa = PBXBuildFile; fileRef = EA108F84285B0B4D00F23226 /* OAuthProtocol.swift */; };
		EA108F89285B2E8A00F23226 /* ASAuthorizationControllerDelegateProxy.swift in Sources */ = {isa = PBXBuildFile; fileRef = EA108F88285B2E8A00F23226 /* ASAuthorizationControllerDelegateProxy.swift */; };
		EA108F8B285B34D100F23226 /* ModelTokenResponse.swift in Sources */ = {isa = PBXBuildFile; fileRef = EA108F8A285B34D100F23226 /* ModelTokenResponse.swift */; };
		EA108F8D285B38FF00F23226 /* AuthAPI.swift in Sources */ = {isa = PBXBuildFile; fileRef = EA108F8C285B38FF00F23226 /* AuthAPI.swift */; };
		EA108F8F285C5C0200F23226 /* ServiceAPI.swift in Sources */ = {isa = PBXBuildFile; fileRef = EA108F8E285C5C0200F23226 /* ServiceAPI.swift */; };
		EA108F91285C673900F23226 /* ModelAuthResponse.swift in Sources */ = {isa = PBXBuildFile; fileRef = EA108F90285C673900F23226 /* ModelAuthResponse.swift */; };
		EA2840252806CB6D00D8DCB1 /* PaletteColorCell.swift in Sources */ = {isa = PBXBuildFile; fileRef = EA2840242806CB6D00D8DCB1 /* PaletteColorCell.swift */; };
		EA2840272807E7B300D8DCB1 /* UIColor+Ext.swift in Sources */ = {isa = PBXBuildFile; fileRef = EA2840262807E7B300D8DCB1 /* UIColor+Ext.swift */; };
		EA2840292807EAC000D8DCB1 /* PaletteColorType.swift in Sources */ = {isa = PBXBuildFile; fileRef = EA2840282807EAC000D8DCB1 /* PaletteColorType.swift */; };
		EA28402B2807F01900D8DCB1 /* AppColorType.swift in Sources */ = {isa = PBXBuildFile; fileRef = EA28402A2807F01900D8DCB1 /* AppColorType.swift */; };
		EA2CDCB228153D0700E6C18F /* WeatherType.swift in Sources */ = {isa = PBXBuildFile; fileRef = EA2CDCB128153D0700E6C18F /* WeatherType.swift */; };
		EA51AB8B285D836100D9B294 /* ErrorType.swift in Sources */ = {isa = PBXBuildFile; fileRef = EA51AB8A285D836100D9B294 /* ErrorType.swift */; };
		EA625C41282B2B23002BCABD /* DiaryDetailRouter.swift in Sources */ = {isa = PBXBuildFile; fileRef = EA625C3D282B2B23002BCABD /* DiaryDetailRouter.swift */; };
		EA625C42282B2B23002BCABD /* DiaryDetailViewController.swift in Sources */ = {isa = PBXBuildFile; fileRef = EA625C3E282B2B23002BCABD /* DiaryDetailViewController.swift */; };
		EA625C43282B2B23002BCABD /* DiaryDetailBuilder.swift in Sources */ = {isa = PBXBuildFile; fileRef = EA625C3F282B2B23002BCABD /* DiaryDetailBuilder.swift */; };
		EA625C44282B2B23002BCABD /* DiaryDetailInteractor.swift in Sources */ = {isa = PBXBuildFile; fileRef = EA625C40282B2B23002BCABD /* DiaryDetailInteractor.swift */; };
		EA8E1B47287BB4E4003ECD7B /* RandomDiaryRouter.swift in Sources */ = {isa = PBXBuildFile; fileRef = EA8E1B43287BB4E4003ECD7B /* RandomDiaryRouter.swift */; };
		EA8E1B48287BB4E4003ECD7B /* RandomDiaryViewController.swift in Sources */ = {isa = PBXBuildFile; fileRef = EA8E1B44287BB4E4003ECD7B /* RandomDiaryViewController.swift */; };
		EA8E1B49287BB4E4003ECD7B /* RandomDiaryBuilder.swift in Sources */ = {isa = PBXBuildFile; fileRef = EA8E1B45287BB4E4003ECD7B /* RandomDiaryBuilder.swift */; };
		EA8E1B4A287BB4E4003ECD7B /* RandomDiaryInteractor.swift in Sources */ = {isa = PBXBuildFile; fileRef = EA8E1B46287BB4E4003ECD7B /* RandomDiaryInteractor.swift */; };
		EA8E1B4C287BC8C4003ECD7B /* StampType.swift in Sources */ = {isa = PBXBuildFile; fileRef = EA8E1B4B287BC8C4003ECD7B /* StampType.swift */; };
		EA8E1B51287C0817003ECD7B /* StampDrawerRouter.swift in Sources */ = {isa = PBXBuildFile; fileRef = EA8E1B4D287C0817003ECD7B /* StampDrawerRouter.swift */; };
		EA8E1B52287C0817003ECD7B /* StampDrawerViewController.swift in Sources */ = {isa = PBXBuildFile; fileRef = EA8E1B4E287C0817003ECD7B /* StampDrawerViewController.swift */; };
		EA8E1B53287C0817003ECD7B /* StampDrawerBuilder.swift in Sources */ = {isa = PBXBuildFile; fileRef = EA8E1B4F287C0817003ECD7B /* StampDrawerBuilder.swift */; };
		EA8E1B54287C0817003ECD7B /* StampDrawerInteractor.swift in Sources */ = {isa = PBXBuildFile; fileRef = EA8E1B50287C0817003ECD7B /* StampDrawerInteractor.swift */; };
		EA8E1B5E287C1126003ECD7B /* StampDrawerCell.swift in Sources */ = {isa = PBXBuildFile; fileRef = EA8E1B5D287C1126003ECD7B /* StampDrawerCell.swift */; };
		EA98C4B527DEBF4B0045055D /* CreateDiaryRouter.swift in Sources */ = {isa = PBXBuildFile; fileRef = EA98C4B127DEBF4B0045055D /* CreateDiaryRouter.swift */; };
		EA98C4B627DEBF4B0045055D /* CreateDiaryViewController.swift in Sources */ = {isa = PBXBuildFile; fileRef = EA98C4B227DEBF4B0045055D /* CreateDiaryViewController.swift */; };
		EA98C4B727DEBF4B0045055D /* CreateDiaryBuilder.swift in Sources */ = {isa = PBXBuildFile; fileRef = EA98C4B327DEBF4B0045055D /* CreateDiaryBuilder.swift */; };
		EA98C4B827DEBF4B0045055D /* CreateDiaryInteractor.swift in Sources */ = {isa = PBXBuildFile; fileRef = EA98C4B427DEBF4B0045055D /* CreateDiaryInteractor.swift */; };
		EA98C4BA27DF04310045055D /* UITextView+Ext.swift in Sources */ = {isa = PBXBuildFile; fileRef = EA98C4B927DF04310045055D /* UITextView+Ext.swift */; };
		EA98C4BE27DF137E0045055D /* UIImage+Ext.swift in Sources */ = {isa = PBXBuildFile; fileRef = EA98C4BD27DF137E0045055D /* UIImage+Ext.swift */; };
		EA9E04EB285E3DD7005845E4 /* KeychainWrapper+Ext.swift in Sources */ = {isa = PBXBuildFile; fileRef = EA9E04EA285E3DD7005845E4 /* KeychainWrapper+Ext.swift */; };
		EA9E04ED286056BE005845E4 /* DiaryRepository.swift in Sources */ = {isa = PBXBuildFile; fileRef = EA9E04EC286056BE005845E4 /* DiaryRepository.swift */; };
		EA9E04EF28605809005845E4 /* ModelDiaryResponse.swift in Sources */ = {isa = PBXBuildFile; fileRef = EA9E04EE28605809005845E4 /* ModelDiaryResponse.swift */; };
		EAB1E21527FADB0000EEDFDF /* DiaryTextFieldRouter.swift in Sources */ = {isa = PBXBuildFile; fileRef = EAB1E21127FADB0000EEDFDF /* DiaryTextFieldRouter.swift */; };
		EAB1E21627FADB0000EEDFDF /* DiaryTextFieldViewController.swift in Sources */ = {isa = PBXBuildFile; fileRef = EAB1E21227FADB0000EEDFDF /* DiaryTextFieldViewController.swift */; };
		EAB1E21727FADB0000EEDFDF /* DiaryTextFieldBuilder.swift in Sources */ = {isa = PBXBuildFile; fileRef = EAB1E21327FADB0000EEDFDF /* DiaryTextFieldBuilder.swift */; };
		EAB1E21827FADB0000EEDFDF /* DiaryTextFieldInteractor.swift in Sources */ = {isa = PBXBuildFile; fileRef = EAB1E21427FADB0000EEDFDF /* DiaryTextFieldInteractor.swift */; };
		EAB1E22027FC120600EEDFDF /* UserDefaults+Ext.swift in Sources */ = {isa = PBXBuildFile; fileRef = EAB1E21F27FC120600EEDFDF /* UserDefaults+Ext.swift */; };
		EAB4543327FC3DFC0002A3B1 /* DiaryDrawingRouter.swift in Sources */ = {isa = PBXBuildFile; fileRef = EAB4542F27FC3DFC0002A3B1 /* DiaryDrawingRouter.swift */; };
		EAB4543427FC3DFC0002A3B1 /* DiaryDrawingViewController.swift in Sources */ = {isa = PBXBuildFile; fileRef = EAB4543027FC3DFC0002A3B1 /* DiaryDrawingViewController.swift */; };
		EAB4543527FC3DFC0002A3B1 /* DiaryDrawingBuilder.swift in Sources */ = {isa = PBXBuildFile; fileRef = EAB4543127FC3DFC0002A3B1 /* DiaryDrawingBuilder.swift */; };
		EAB4543627FC3DFC0002A3B1 /* DiaryDrawingInteractor.swift in Sources */ = {isa = PBXBuildFile; fileRef = EAB4543227FC3DFC0002A3B1 /* DiaryDrawingInteractor.swift */; };
		EABF17F127DB5786002740C0 /* EmptyDiaryListView.swift in Sources */ = {isa = PBXBuildFile; fileRef = EABF17F027DB5786002740C0 /* EmptyDiaryListView.swift */; };
		EABF17F427DBB86F002740C0 /* DiaryCollectionViewCell.swift in Sources */ = {isa = PBXBuildFile; fileRef = EABF17F327DBB86F002740C0 /* DiaryCollectionViewCell.swift */; };
		EABF17FE27DBBABF002740C0 /* Pretendard-Medium.otf in Resources */ = {isa = PBXBuildFile; fileRef = EABF17F527DBBABF002740C0 /* Pretendard-Medium.otf */; };
		EABF17FF27DBBABF002740C0 /* Pretendard-ExtraBold.otf in Resources */ = {isa = PBXBuildFile; fileRef = EABF17F627DBBABF002740C0 /* Pretendard-ExtraBold.otf */; };
		EABF180027DBBABF002740C0 /* Pretendard-Bold.otf in Resources */ = {isa = PBXBuildFile; fileRef = EABF17F727DBBABF002740C0 /* Pretendard-Bold.otf */; };
		EABF180127DBBABF002740C0 /* Pretendard-ExtraLight.otf in Resources */ = {isa = PBXBuildFile; fileRef = EABF17F827DBBABF002740C0 /* Pretendard-ExtraLight.otf */; };
		EABF180227DBBABF002740C0 /* Pretendard-Light.otf in Resources */ = {isa = PBXBuildFile; fileRef = EABF17F927DBBABF002740C0 /* Pretendard-Light.otf */; };
		EABF180327DBBABF002740C0 /* Pretendard-Regular.otf in Resources */ = {isa = PBXBuildFile; fileRef = EABF17FA27DBBABF002740C0 /* Pretendard-Regular.otf */; };
		EABF180427DBBABF002740C0 /* Pretendard-SemiBold.otf in Resources */ = {isa = PBXBuildFile; fileRef = EABF17FB27DBBABF002740C0 /* Pretendard-SemiBold.otf */; };
		EABF180527DBBABF002740C0 /* Pretendard-Thin.otf in Resources */ = {isa = PBXBuildFile; fileRef = EABF17FC27DBBABF002740C0 /* Pretendard-Thin.otf */; };
		EABF180627DBBABF002740C0 /* Pretendard-Black.otf in Resources */ = {isa = PBXBuildFile; fileRef = EABF17FD27DBBABF002740C0 /* Pretendard-Black.otf */; };
		EABF180827DBBB5F002740C0 /* UIFont+Ext.swift in Sources */ = {isa = PBXBuildFile; fileRef = EABF180727DBBB5F002740C0 /* UIFont+Ext.swift */; };
		EABF181427DC500A002740C0 /* UhBee-Seulvely-2.ttf in Resources */ = {isa = PBXBuildFile; fileRef = EABF180B27DC5009002740C0 /* UhBee-Seulvely-2.ttf */; };
		EABF181527DC500A002740C0 /* dovemayo.otf in Resources */ = {isa = PBXBuildFile; fileRef = EABF180C27DC5009002740C0 /* dovemayo.otf */; };
		EABF181627DC500A002740C0 /* UhBee-namsoyoung.ttf in Resources */ = {isa = PBXBuildFile; fileRef = EABF180D27DC5009002740C0 /* UhBee-namsoyoung.ttf */; };
		EABF181727DC500A002740C0 /* UhBee-Ham-Bold.ttf in Resources */ = {isa = PBXBuildFile; fileRef = EABF180E27DC500A002740C0 /* UhBee-Ham-Bold.ttf */; };
		EABF181827DC500A002740C0 /* UhBee-DongKyung.ttf in Resources */ = {isa = PBXBuildFile; fileRef = EABF180F27DC500A002740C0 /* UhBee-DongKyung.ttf */; };
		EABF181927DC500A002740C0 /* BMYEONSUNG.ttf in Resources */ = {isa = PBXBuildFile; fileRef = EABF181027DC500A002740C0 /* BMYEONSUNG.ttf */; };
		EABF181A27DC500A002740C0 /* UhBee-puding.ttf in Resources */ = {isa = PBXBuildFile; fileRef = EABF181127DC500A002740C0 /* UhBee-puding.ttf */; };
		EABF181B27DC500A002740C0 /* KyoboHandwriting2020pdy.otf in Resources */ = {isa = PBXBuildFile; fileRef = EABF181227DC500A002740C0 /* KyoboHandwriting2020pdy.otf */; };
		EABF181C27DC500A002740C0 /* UhBee-QUEEN-J.ttf in Resources */ = {isa = PBXBuildFile; fileRef = EABF181327DC500A002740C0 /* UhBee-QUEEN-J.ttf */; };
		EADF7FAF2872C94000F35EF3 /* LoadingView.swift in Sources */ = {isa = PBXBuildFile; fileRef = EADF7FAE2872C94000F35EF3 /* LoadingView.swift */; };
		EAF0C59528082F9800E0640B /* ToolType.swift in Sources */ = {isa = PBXBuildFile; fileRef = EAF0C59428082F9800E0640B /* ToolType.swift */; };
		EAF0C5982808339500E0640B /* ModalDialog.swift in Sources */ = {isa = PBXBuildFile; fileRef = EAF0C5972808339500E0640B /* ModalDialog.swift */; };
		EAF530332819C921001CE8FE /* CDPictureDiaryHandler.swift in Sources */ = {isa = PBXBuildFile; fileRef = EAF530322819C921001CE8FE /* CDPictureDiaryHandler.swift */; };
		EAFC1D61281D04B40072B995 /* Date+Ext.swift in Sources */ = {isa = PBXBuildFile; fileRef = EAFC1D60281D04B40072B995 /* Date+Ext.swift */; };
		EAFE862927D0CD8C00519243 /* AppDelegate.swift in Sources */ = {isa = PBXBuildFile; fileRef = EAFE862827D0CD8C00519243 /* AppDelegate.swift */; };
		EAFE862B27D0CD8C00519243 /* SceneDelegate.swift in Sources */ = {isa = PBXBuildFile; fileRef = EAFE862A27D0CD8C00519243 /* SceneDelegate.swift */; };
		EAFE863527D0CD8D00519243 /* Assets.xcassets in Resources */ = {isa = PBXBuildFile; fileRef = EAFE863427D0CD8D00519243 /* Assets.xcassets */; };
		EAFE863827D0CD8D00519243 /* LaunchScreen.storyboard in Resources */ = {isa = PBXBuildFile; fileRef = EAFE863627D0CD8D00519243 /* LaunchScreen.storyboard */; };
		EAFE865527D22EAE00519243 /* AppComponent.swift in Sources */ = {isa = PBXBuildFile; fileRef = EAFE865427D22EAE00519243 /* AppComponent.swift */; };
		EAFE867527D23BF700519243 /* RootRouter.swift in Sources */ = {isa = PBXBuildFile; fileRef = EAFE867127D23BF700519243 /* RootRouter.swift */; };
		EAFE867627D23BF700519243 /* RootViewController.swift in Sources */ = {isa = PBXBuildFile; fileRef = EAFE867227D23BF700519243 /* RootViewController.swift */; };
		EAFE867727D23BF700519243 /* RootBuilder.swift in Sources */ = {isa = PBXBuildFile; fileRef = EAFE867327D23BF700519243 /* RootBuilder.swift */; };
		EAFE867827D23BF700519243 /* RootInteractor.swift in Sources */ = {isa = PBXBuildFile; fileRef = EAFE867427D23BF700519243 /* RootInteractor.swift */; };
		EAFE867A27D3507100519243 /* BaseViewController.swift in Sources */ = {isa = PBXBuildFile; fileRef = EAFE867927D3507100519243 /* BaseViewController.swift */; };
		EAFE868027D3540A00519243 /* SNSLoginButton.swift in Sources */ = {isa = PBXBuildFile; fileRef = EAFE867F27D3540A00519243 /* SNSLoginButton.swift */; };
		EAFE868227D3563100519243 /* ProviderType.swift in Sources */ = {isa = PBXBuildFile; fileRef = EAFE868127D3563100519243 /* ProviderType.swift */; };
		EAFE868427D362EB00519243 /* UILabel+Ext.swift in Sources */ = {isa = PBXBuildFile; fileRef = EAFE868327D362EB00519243 /* UILabel+Ext.swift */; };
		EAFE868B27D372EB00519243 /* LoggedOutRouter.swift in Sources */ = {isa = PBXBuildFile; fileRef = EAFE868827D372EB00519243 /* LoggedOutRouter.swift */; };
		EAFE868C27D372EB00519243 /* LoggedOutBuilder.swift in Sources */ = {isa = PBXBuildFile; fileRef = EAFE868927D372EB00519243 /* LoggedOutBuilder.swift */; };
		EAFE868D27D372EB00519243 /* LoggedOutInteractor.swift in Sources */ = {isa = PBXBuildFile; fileRef = EAFE868A27D372EB00519243 /* LoggedOutInteractor.swift */; };
		EAFE869127D372FA00519243 /* LoggedInRouter.swift in Sources */ = {isa = PBXBuildFile; fileRef = EAFE868E27D372FA00519243 /* LoggedInRouter.swift */; };
		EAFE869227D372FA00519243 /* LoggedInBuilder.swift in Sources */ = {isa = PBXBuildFile; fileRef = EAFE868F27D372FA00519243 /* LoggedInBuilder.swift */; };
		EAFE869327D372FA00519243 /* LoggedInInteractor.swift in Sources */ = {isa = PBXBuildFile; fileRef = EAFE869027D372FA00519243 /* LoggedInInteractor.swift */; };
		EAFE869927D47FD100519243 /* SNSLoginRouter.swift in Sources */ = {isa = PBXBuildFile; fileRef = EAFE869527D47FD100519243 /* SNSLoginRouter.swift */; };
		EAFE869A27D47FD100519243 /* SNSLoginViewController.swift in Sources */ = {isa = PBXBuildFile; fileRef = EAFE869627D47FD100519243 /* SNSLoginViewController.swift */; };
		EAFE869B27D47FD100519243 /* SNSLoginBuilder.swift in Sources */ = {isa = PBXBuildFile; fileRef = EAFE869727D47FD100519243 /* SNSLoginBuilder.swift */; };
		EAFE869C27D47FD100519243 /* SNSLoginInteractor.swift in Sources */ = {isa = PBXBuildFile; fileRef = EAFE869827D47FD100519243 /* SNSLoginInteractor.swift */; };
		EAFE86A627D489E100519243 /* SplashRouter.swift in Sources */ = {isa = PBXBuildFile; fileRef = EAFE86A227D489E100519243 /* SplashRouter.swift */; };
		EAFE86A727D489E100519243 /* SplashViewController.swift in Sources */ = {isa = PBXBuildFile; fileRef = EAFE86A327D489E100519243 /* SplashViewController.swift */; };
		EAFE86A827D489E100519243 /* SplashBuilder.swift in Sources */ = {isa = PBXBuildFile; fileRef = EAFE86A427D489E100519243 /* SplashBuilder.swift */; };
		EAFE86A927D489E100519243 /* SplashInteractor.swift in Sources */ = {isa = PBXBuildFile; fileRef = EAFE86A527D489E100519243 /* SplashInteractor.swift */; };
		EAFE86B127D499C300519243 /* VanishingCompletiondRouter.swift in Sources */ = {isa = PBXBuildFile; fileRef = EAFE86AD27D499C300519243 /* VanishingCompletiondRouter.swift */; };
		EAFE86B227D499C300519243 /* VanishingCompletionViewController.swift in Sources */ = {isa = PBXBuildFile; fileRef = EAFE86AE27D499C300519243 /* VanishingCompletionViewController.swift */; };
		EAFE86B327D499C300519243 /* VanishingCompletionBuilder.swift in Sources */ = {isa = PBXBuildFile; fileRef = EAFE86AF27D499C300519243 /* VanishingCompletionBuilder.swift */; };
		EAFE86B427D499C300519243 /* VanishingCompletionInteractor.swift in Sources */ = {isa = PBXBuildFile; fileRef = EAFE86B027D499C300519243 /* VanishingCompletionInteractor.swift */; };
		EAFE86B627D49B1400519243 /* ViewControllable+Ext.swift in Sources */ = {isa = PBXBuildFile; fileRef = EAFE86B527D49B1400519243 /* ViewControllable+Ext.swift */; };
		EAFE86C627D5C8F500519243 /* DiaryListRouter.swift in Sources */ = {isa = PBXBuildFile; fileRef = EAFE86C227D5C8F500519243 /* DiaryListRouter.swift */; };
		EAFE86C727D5C8F500519243 /* DiaryListViewController.swift in Sources */ = {isa = PBXBuildFile; fileRef = EAFE86C327D5C8F500519243 /* DiaryListViewController.swift */; };
		EAFE86C827D5C8F500519243 /* DiaryListBuilder.swift in Sources */ = {isa = PBXBuildFile; fileRef = EAFE86C427D5C8F500519243 /* DiaryListBuilder.swift */; };
		EAFE86C927D5C8F500519243 /* DiaryListInteractor.swift in Sources */ = {isa = PBXBuildFile; fileRef = EAFE86C527D5C8F500519243 /* DiaryListInteractor.swift */; };
		EAFE86D427D5CC4000519243 /* AppBarTopView.swift in Sources */ = {isa = PBXBuildFile; fileRef = EAFE86D327D5CC4000519243 /* AppBarTopView.swift */; };
		EAFE86D627D5D23A00519243 /* AppBarTopType.swift in Sources */ = {isa = PBXBuildFile; fileRef = EAFE86D527D5D23A00519243 /* AppBarTopType.swift */; };
		EAFE86D827D5F14800519243 /* RootSplitViewController.swift in Sources */ = {isa = PBXBuildFile; fileRef = EAFE86D727D5F14700519243 /* RootSplitViewController.swift */; };
		EAFE86FD27D8657D00519243 /* RootPrimaryViewController.swift in Sources */ = {isa = PBXBuildFile; fileRef = EAFE86FC27D8657C00519243 /* RootPrimaryViewController.swift */; };
		EAFE86FF27D8658D00519243 /* RootSecondaryViewController.swift in Sources */ = {isa = PBXBuildFile; fileRef = EAFE86FE27D8658D00519243 /* RootSecondaryViewController.swift */; };
/* End PBXBuildFile section */

/* Begin PBXFileReference section */
		0E1E6D44D6FF25BF23E8C1BC /* Pods-PictureDiary.release.xcconfig */ = {isa = PBXFileReference; includeInIndex = 1; lastKnownFileType = text.xcconfig; name = "Pods-PictureDiary.release.xcconfig"; path = "Target Support Files/Pods-PictureDiary/Pods-PictureDiary.release.xcconfig"; sourceTree = "<group>"; };
		45B77415E2E9170140664D7F /* Pods-PictureDiary.debug.xcconfig */ = {isa = PBXFileReference; includeInIndex = 1; lastKnownFileType = text.xcconfig; name = "Pods-PictureDiary.debug.xcconfig"; path = "Target Support Files/Pods-PictureDiary/Pods-PictureDiary.debug.xcconfig"; sourceTree = "<group>"; };
		602A74F028B9DAB000EEB554 /* complete.json */ = {isa = PBXFileReference; fileEncoding = 4; lastKnownFileType = text.json; path = complete.json; sourceTree = "<group>"; };
		602A74F528B9DE9B00EEB554 /* nothing.json */ = {isa = PBXFileReference; fileEncoding = 4; lastKnownFileType = text.json; path = nothing.json; sourceTree = "<group>"; };
		602A74F628B9DE9B00EEB554 /* loading.json */ = {isa = PBXFileReference; fileEncoding = 4; lastKnownFileType = text.json; path = loading.json; sourceTree = "<group>"; };
		602A74F928BA845C00EEB554 /* GoogleService-Info.plist */ = {isa = PBXFileReference; fileEncoding = 4; lastKnownFileType = text.plist.xml; path = "GoogleService-Info.plist"; sourceTree = "<group>"; };
		602A74FB28BBA12D00EEB554 /* CustomSlider.swift */ = {isa = PBXFileReference; lastKnownFileType = sourcecode.swift; path = CustomSlider.swift; sourceTree = "<group>"; };
		607E30D428AE148A00BEA4DF /* PictureDiary+CoreDataClass.swift */ = {isa = PBXFileReference; lastKnownFileType = sourcecode.swift; name = "PictureDiary+CoreDataClass.swift"; path = "/Users/kobyunghak/Documents/xcode_workspace/PictureDiary-iOS/PictureDiary/PictureDiary/Sources/CoreData/PictureDiary+CoreDataClass.swift"; sourceTree = "<absolute>"; };
		607E30D628AE148A00BEA4DF /* PictureDiary+CoreDataProperties.swift */ = {isa = PBXFileReference; lastKnownFileType = sourcecode.swift; name = "PictureDiary+CoreDataProperties.swift"; path = "/Users/kobyunghak/Documents/xcode_workspace/PictureDiary-iOS/PictureDiary/PictureDiary/Sources/CoreData/PictureDiary+CoreDataProperties.swift"; sourceTree = "<absolute>"; };
		607E8032289EE6560097FD8A /* ModelDiaryImageUploadResponse.swift */ = {isa = PBXFileReference; fileEncoding = 4; lastKnownFileType = sourcecode.swift; path = ModelDiaryImageUploadResponse.swift; sourceTree = "<group>"; };
		608A379228B9D3EE00F189C3 /* splash.json */ = {isa = PBXFileReference; fileEncoding = 4; lastKnownFileType = text.json; path = splash.json; sourceTree = "<group>"; };
		60D307AC28B5F286006E7514 /* SettingsRouter.swift */ = {isa = PBXFileReference; fileEncoding = 4; lastKnownFileType = sourcecode.swift; path = SettingsRouter.swift; sourceTree = "<group>"; };
		60D307AD28B5F286006E7514 /* SettingsInteractor.swift */ = {isa = PBXFileReference; fileEncoding = 4; lastKnownFileType = sourcecode.swift; path = SettingsInteractor.swift; sourceTree = "<group>"; };
		60D307AE28B5F286006E7514 /* SettingsBuilder.swift */ = {isa = PBXFileReference; fileEncoding = 4; lastKnownFileType = sourcecode.swift; path = SettingsBuilder.swift; sourceTree = "<group>"; };
		60D307AF28B5F286006E7514 /* SettingsViewController.swift */ = {isa = PBXFileReference; fileEncoding = 4; lastKnownFileType = sourcecode.swift; path = SettingsViewController.swift; sourceTree = "<group>"; };
		60D307B428B60740006E7514 /* SettingType.swift */ = {isa = PBXFileReference; lastKnownFileType = sourcecode.swift; path = SettingType.swift; sourceTree = "<group>"; };
		60D307B628B79405006E7514 /* SettingsCollectionViewCell.swift */ = {isa = PBXFileReference; lastKnownFileType = sourcecode.swift; path = SettingsCollectionViewCell.swift; sourceTree = "<group>"; };
		60D307C828B889EA006E7514 /* FontSettingRouter.swift */ = {isa = PBXFileReference; lastKnownFileType = sourcecode.swift; path = FontSettingRouter.swift; sourceTree = "<group>"; };
		60D307C928B889EA006E7514 /* FontSettingViewController.swift */ = {isa = PBXFileReference; lastKnownFileType = sourcecode.swift; path = FontSettingViewController.swift; sourceTree = "<group>"; };
		60D307CA28B889EA006E7514 /* FontSettingBuilder.swift */ = {isa = PBXFileReference; lastKnownFileType = sourcecode.swift; path = FontSettingBuilder.swift; sourceTree = "<group>"; };
		60D307CB28B889EA006E7514 /* FontSettingInteractor.swift */ = {isa = PBXFileReference; lastKnownFileType = sourcecode.swift; path = FontSettingInteractor.swift; sourceTree = "<group>"; };
		60D307D128B88A67006E7514 /* FontSettingCell.swift */ = {isa = PBXFileReference; lastKnownFileType = sourcecode.swift; path = FontSettingCell.swift; sourceTree = "<group>"; };
		60D307D328B8EB91006E7514 /* NoticeRouter.swift */ = {isa = PBXFileReference; lastKnownFileType = sourcecode.swift; path = NoticeRouter.swift; sourceTree = "<group>"; };
		60D307D428B8EB91006E7514 /* NoticeViewController.swift */ = {isa = PBXFileReference; lastKnownFileType = sourcecode.swift; path = NoticeViewController.swift; sourceTree = "<group>"; };
		60D307D528B8EB91006E7514 /* NoticeBuilder.swift */ = {isa = PBXFileReference; lastKnownFileType = sourcecode.swift; path = NoticeBuilder.swift; sourceTree = "<group>"; };
		60D307D628B8EB91006E7514 /* NoticeInteractor.swift */ = {isa = PBXFileReference; lastKnownFileType = sourcecode.swift; path = NoticeInteractor.swift; sourceTree = "<group>"; };
		60D307DC28B907D4006E7514 /* NoticeCell.swift */ = {isa = PBXFileReference; lastKnownFileType = sourcecode.swift; path = NoticeCell.swift; sourceTree = "<group>"; };
		92EAA71955F25FB0FBCEFCAE /* PaletteView.swift */ = {isa = PBXFileReference; fileEncoding = 4; lastKnownFileType = sourcecode.swift; path = PaletteView.swift; sourceTree = "<group>"; };
		9BD7439747D5C95598B0B8C8 /* Pods_PictureDiary.framework */ = {isa = PBXFileReference; explicitFileType = wrapper.framework; includeInIndex = 0; path = Pods_PictureDiary.framework; sourceTree = BUILT_PRODUCTS_DIR; };
		EA01F9DA282A67C600A6E450 /* PictureDiary.xcdatamodel */ = {isa = PBXFileReference; lastKnownFileType = wrapper.xcdatamodel; path = PictureDiary.xcdatamodel; sourceTree = "<group>"; };
		EA08CF812858553E00A0A029 /* ShareInstagramView.swift */ = {isa = PBXFileReference; lastKnownFileType = sourcecode.swift; path = ShareInstagramView.swift; sourceTree = "<group>"; };
		EA08CF832858B84E00A0A029 /* AuthRepository.swift */ = {isa = PBXFileReference; lastKnownFileType = sourcecode.swift; path = AuthRepository.swift; sourceTree = "<group>"; };
		EA08CF872858B98B00A0A029 /* KakaoAuth.swift */ = {isa = PBXFileReference; lastKnownFileType = sourcecode.swift; path = KakaoAuth.swift; sourceTree = "<group>"; };
		EA08CF892858B99500A0A029 /* AppleAuth.swift */ = {isa = PBXFileReference; lastKnownFileType = sourcecode.swift; path = AppleAuth.swift; sourceTree = "<group>"; };
		EA08CF8B2858B99F00A0A029 /* GoogleAuth.swift */ = {isa = PBXFileReference; lastKnownFileType = sourcecode.swift; path = GoogleAuth.swift; sourceTree = "<group>"; };
		EA0A3C122865B41700BD779B /* DiaryAPI.swift */ = {isa = PBXFileReference; lastKnownFileType = sourcecode.swift; path = DiaryAPI.swift; sourceTree = "<group>"; };
		EA0A3C162865C94000BD779B /* ModelCommonResponse.swift */ = {isa = PBXFileReference; lastKnownFileType = sourcecode.swift; path = ModelCommonResponse.swift; sourceTree = "<group>"; };
		EA108F84285B0B4D00F23226 /* OAuthProtocol.swift */ = {isa = PBXFileReference; lastKnownFileType = sourcecode.swift; path = OAuthProtocol.swift; sourceTree = "<group>"; };
		EA108F88285B2E8A00F23226 /* ASAuthorizationControllerDelegateProxy.swift */ = {isa = PBXFileReference; lastKnownFileType = sourcecode.swift; path = ASAuthorizationControllerDelegateProxy.swift; sourceTree = "<group>"; };
		EA108F8A285B34D100F23226 /* ModelTokenResponse.swift */ = {isa = PBXFileReference; lastKnownFileType = sourcecode.swift; path = ModelTokenResponse.swift; sourceTree = "<group>"; };
		EA108F8C285B38FF00F23226 /* AuthAPI.swift */ = {isa = PBXFileReference; lastKnownFileType = sourcecode.swift; path = AuthAPI.swift; sourceTree = "<group>"; };
		EA108F8E285C5C0200F23226 /* ServiceAPI.swift */ = {isa = PBXFileReference; lastKnownFileType = sourcecode.swift; path = ServiceAPI.swift; sourceTree = "<group>"; };
		EA108F90285C673900F23226 /* ModelAuthResponse.swift */ = {isa = PBXFileReference; lastKnownFileType = sourcecode.swift; path = ModelAuthResponse.swift; sourceTree = "<group>"; };
		EA2840242806CB6D00D8DCB1 /* PaletteColorCell.swift */ = {isa = PBXFileReference; lastKnownFileType = sourcecode.swift; path = PaletteColorCell.swift; sourceTree = "<group>"; };
		EA2840262807E7B300D8DCB1 /* UIColor+Ext.swift */ = {isa = PBXFileReference; lastKnownFileType = sourcecode.swift; path = "UIColor+Ext.swift"; sourceTree = "<group>"; };
		EA2840282807EAC000D8DCB1 /* PaletteColorType.swift */ = {isa = PBXFileReference; lastKnownFileType = sourcecode.swift; path = PaletteColorType.swift; sourceTree = "<group>"; };
		EA28402A2807F01900D8DCB1 /* AppColorType.swift */ = {isa = PBXFileReference; lastKnownFileType = sourcecode.swift; path = AppColorType.swift; sourceTree = "<group>"; };
		EA2CDCB128153D0700E6C18F /* WeatherType.swift */ = {isa = PBXFileReference; lastKnownFileType = sourcecode.swift; path = WeatherType.swift; sourceTree = "<group>"; };
		EA51AB8A285D836100D9B294 /* ErrorType.swift */ = {isa = PBXFileReference; lastKnownFileType = sourcecode.swift; path = ErrorType.swift; sourceTree = "<group>"; };
		EA51AB8C285DAF7B00D9B294 /* config.xcconfig */ = {isa = PBXFileReference; lastKnownFileType = text.xcconfig; path = config.xcconfig; sourceTree = "<group>"; };
		EA625C3D282B2B23002BCABD /* DiaryDetailRouter.swift */ = {isa = PBXFileReference; lastKnownFileType = sourcecode.swift; path = DiaryDetailRouter.swift; sourceTree = "<group>"; };
		EA625C3E282B2B23002BCABD /* DiaryDetailViewController.swift */ = {isa = PBXFileReference; lastKnownFileType = sourcecode.swift; path = DiaryDetailViewController.swift; sourceTree = "<group>"; };
		EA625C3F282B2B23002BCABD /* DiaryDetailBuilder.swift */ = {isa = PBXFileReference; lastKnownFileType = sourcecode.swift; path = DiaryDetailBuilder.swift; sourceTree = "<group>"; };
		EA625C40282B2B23002BCABD /* DiaryDetailInteractor.swift */ = {isa = PBXFileReference; lastKnownFileType = sourcecode.swift; path = DiaryDetailInteractor.swift; sourceTree = "<group>"; };
		EA8E1B43287BB4E4003ECD7B /* RandomDiaryRouter.swift */ = {isa = PBXFileReference; lastKnownFileType = sourcecode.swift; path = RandomDiaryRouter.swift; sourceTree = "<group>"; };
		EA8E1B44287BB4E4003ECD7B /* RandomDiaryViewController.swift */ = {isa = PBXFileReference; lastKnownFileType = sourcecode.swift; path = RandomDiaryViewController.swift; sourceTree = "<group>"; };
		EA8E1B45287BB4E4003ECD7B /* RandomDiaryBuilder.swift */ = {isa = PBXFileReference; lastKnownFileType = sourcecode.swift; path = RandomDiaryBuilder.swift; sourceTree = "<group>"; };
		EA8E1B46287BB4E4003ECD7B /* RandomDiaryInteractor.swift */ = {isa = PBXFileReference; lastKnownFileType = sourcecode.swift; path = RandomDiaryInteractor.swift; sourceTree = "<group>"; };
		EA8E1B4B287BC8C4003ECD7B /* StampType.swift */ = {isa = PBXFileReference; lastKnownFileType = sourcecode.swift; path = StampType.swift; sourceTree = "<group>"; };
		EA8E1B4D287C0817003ECD7B /* StampDrawerRouter.swift */ = {isa = PBXFileReference; lastKnownFileType = sourcecode.swift; path = StampDrawerRouter.swift; sourceTree = "<group>"; };
		EA8E1B4E287C0817003ECD7B /* StampDrawerViewController.swift */ = {isa = PBXFileReference; lastKnownFileType = sourcecode.swift; path = StampDrawerViewController.swift; sourceTree = "<group>"; };
		EA8E1B4F287C0817003ECD7B /* StampDrawerBuilder.swift */ = {isa = PBXFileReference; lastKnownFileType = sourcecode.swift; path = StampDrawerBuilder.swift; sourceTree = "<group>"; };
		EA8E1B50287C0817003ECD7B /* StampDrawerInteractor.swift */ = {isa = PBXFileReference; lastKnownFileType = sourcecode.swift; path = StampDrawerInteractor.swift; sourceTree = "<group>"; };
		EA8E1B5D287C1126003ECD7B /* StampDrawerCell.swift */ = {isa = PBXFileReference; lastKnownFileType = sourcecode.swift; path = StampDrawerCell.swift; sourceTree = "<group>"; };
		EA98C4B127DEBF4B0045055D /* CreateDiaryRouter.swift */ = {isa = PBXFileReference; lastKnownFileType = sourcecode.swift; path = CreateDiaryRouter.swift; sourceTree = "<group>"; };
		EA98C4B227DEBF4B0045055D /* CreateDiaryViewController.swift */ = {isa = PBXFileReference; lastKnownFileType = sourcecode.swift; path = CreateDiaryViewController.swift; sourceTree = "<group>"; };
		EA98C4B327DEBF4B0045055D /* CreateDiaryBuilder.swift */ = {isa = PBXFileReference; lastKnownFileType = sourcecode.swift; path = CreateDiaryBuilder.swift; sourceTree = "<group>"; };
		EA98C4B427DEBF4B0045055D /* CreateDiaryInteractor.swift */ = {isa = PBXFileReference; lastKnownFileType = sourcecode.swift; path = CreateDiaryInteractor.swift; sourceTree = "<group>"; };
		EA98C4B927DF04310045055D /* UITextView+Ext.swift */ = {isa = PBXFileReference; lastKnownFileType = sourcecode.swift; path = "UITextView+Ext.swift"; sourceTree = "<group>"; };
		EA98C4BD27DF137E0045055D /* UIImage+Ext.swift */ = {isa = PBXFileReference; lastKnownFileType = sourcecode.swift; path = "UIImage+Ext.swift"; sourceTree = "<group>"; };
		EA9E04EA285E3DD7005845E4 /* KeychainWrapper+Ext.swift */ = {isa = PBXFileReference; lastKnownFileType = sourcecode.swift; path = "KeychainWrapper+Ext.swift"; sourceTree = "<group>"; };
		EA9E04EC286056BE005845E4 /* DiaryRepository.swift */ = {isa = PBXFileReference; lastKnownFileType = sourcecode.swift; path = DiaryRepository.swift; sourceTree = "<group>"; };
		EA9E04EE28605809005845E4 /* ModelDiaryResponse.swift */ = {isa = PBXFileReference; lastKnownFileType = sourcecode.swift; path = ModelDiaryResponse.swift; sourceTree = "<group>"; };
		EAB1E21127FADB0000EEDFDF /* DiaryTextFieldRouter.swift */ = {isa = PBXFileReference; lastKnownFileType = sourcecode.swift; path = DiaryTextFieldRouter.swift; sourceTree = "<group>"; };
		EAB1E21227FADB0000EEDFDF /* DiaryTextFieldViewController.swift */ = {isa = PBXFileReference; lastKnownFileType = sourcecode.swift; path = DiaryTextFieldViewController.swift; sourceTree = "<group>"; };
		EAB1E21327FADB0000EEDFDF /* DiaryTextFieldBuilder.swift */ = {isa = PBXFileReference; lastKnownFileType = sourcecode.swift; path = DiaryTextFieldBuilder.swift; sourceTree = "<group>"; };
		EAB1E21427FADB0000EEDFDF /* DiaryTextFieldInteractor.swift */ = {isa = PBXFileReference; lastKnownFileType = sourcecode.swift; path = DiaryTextFieldInteractor.swift; sourceTree = "<group>"; };
		EAB1E21F27FC120600EEDFDF /* UserDefaults+Ext.swift */ = {isa = PBXFileReference; lastKnownFileType = sourcecode.swift; path = "UserDefaults+Ext.swift"; sourceTree = "<group>"; };
		EAB4542F27FC3DFC0002A3B1 /* DiaryDrawingRouter.swift */ = {isa = PBXFileReference; lastKnownFileType = sourcecode.swift; path = DiaryDrawingRouter.swift; sourceTree = "<group>"; };
		EAB4543027FC3DFC0002A3B1 /* DiaryDrawingViewController.swift */ = {isa = PBXFileReference; lastKnownFileType = sourcecode.swift; path = DiaryDrawingViewController.swift; sourceTree = "<group>"; };
		EAB4543127FC3DFC0002A3B1 /* DiaryDrawingBuilder.swift */ = {isa = PBXFileReference; lastKnownFileType = sourcecode.swift; path = DiaryDrawingBuilder.swift; sourceTree = "<group>"; };
		EAB4543227FC3DFC0002A3B1 /* DiaryDrawingInteractor.swift */ = {isa = PBXFileReference; lastKnownFileType = sourcecode.swift; path = DiaryDrawingInteractor.swift; sourceTree = "<group>"; };
		EABF17F027DB5786002740C0 /* EmptyDiaryListView.swift */ = {isa = PBXFileReference; lastKnownFileType = sourcecode.swift; path = EmptyDiaryListView.swift; sourceTree = "<group>"; };
		EABF17F327DBB86F002740C0 /* DiaryCollectionViewCell.swift */ = {isa = PBXFileReference; lastKnownFileType = sourcecode.swift; path = DiaryCollectionViewCell.swift; sourceTree = "<group>"; };
		EABF17F527DBBABF002740C0 /* Pretendard-Medium.otf */ = {isa = PBXFileReference; lastKnownFileType = file; path = "Pretendard-Medium.otf"; sourceTree = "<group>"; };
		EABF17F627DBBABF002740C0 /* Pretendard-ExtraBold.otf */ = {isa = PBXFileReference; lastKnownFileType = file; path = "Pretendard-ExtraBold.otf"; sourceTree = "<group>"; };
		EABF17F727DBBABF002740C0 /* Pretendard-Bold.otf */ = {isa = PBXFileReference; lastKnownFileType = file; path = "Pretendard-Bold.otf"; sourceTree = "<group>"; };
		EABF17F827DBBABF002740C0 /* Pretendard-ExtraLight.otf */ = {isa = PBXFileReference; lastKnownFileType = file; path = "Pretendard-ExtraLight.otf"; sourceTree = "<group>"; };
		EABF17F927DBBABF002740C0 /* Pretendard-Light.otf */ = {isa = PBXFileReference; lastKnownFileType = file; path = "Pretendard-Light.otf"; sourceTree = "<group>"; };
		EABF17FA27DBBABF002740C0 /* Pretendard-Regular.otf */ = {isa = PBXFileReference; lastKnownFileType = file; path = "Pretendard-Regular.otf"; sourceTree = "<group>"; };
		EABF17FB27DBBABF002740C0 /* Pretendard-SemiBold.otf */ = {isa = PBXFileReference; lastKnownFileType = file; path = "Pretendard-SemiBold.otf"; sourceTree = "<group>"; };
		EABF17FC27DBBABF002740C0 /* Pretendard-Thin.otf */ = {isa = PBXFileReference; lastKnownFileType = file; path = "Pretendard-Thin.otf"; sourceTree = "<group>"; };
		EABF17FD27DBBABF002740C0 /* Pretendard-Black.otf */ = {isa = PBXFileReference; lastKnownFileType = file; path = "Pretendard-Black.otf"; sourceTree = "<group>"; };
		EABF180727DBBB5F002740C0 /* UIFont+Ext.swift */ = {isa = PBXFileReference; lastKnownFileType = sourcecode.swift; path = "UIFont+Ext.swift"; sourceTree = "<group>"; };
		EABF180B27DC5009002740C0 /* UhBee-Seulvely-2.ttf */ = {isa = PBXFileReference; lastKnownFileType = file; path = "UhBee-Seulvely-2.ttf"; sourceTree = "<group>"; };
		EABF180C27DC5009002740C0 /* dovemayo.otf */ = {isa = PBXFileReference; lastKnownFileType = file; path = dovemayo.otf; sourceTree = "<group>"; };
		EABF180D27DC5009002740C0 /* UhBee-namsoyoung.ttf */ = {isa = PBXFileReference; lastKnownFileType = file; path = "UhBee-namsoyoung.ttf"; sourceTree = "<group>"; };
		EABF180E27DC500A002740C0 /* UhBee-Ham-Bold.ttf */ = {isa = PBXFileReference; lastKnownFileType = file; path = "UhBee-Ham-Bold.ttf"; sourceTree = "<group>"; };
		EABF180F27DC500A002740C0 /* UhBee-DongKyung.ttf */ = {isa = PBXFileReference; lastKnownFileType = file; path = "UhBee-DongKyung.ttf"; sourceTree = "<group>"; };
		EABF181027DC500A002740C0 /* BMYEONSUNG.ttf */ = {isa = PBXFileReference; lastKnownFileType = file; path = BMYEONSUNG.ttf; sourceTree = "<group>"; };
		EABF181127DC500A002740C0 /* UhBee-puding.ttf */ = {isa = PBXFileReference; lastKnownFileType = file; path = "UhBee-puding.ttf"; sourceTree = "<group>"; };
		EABF181227DC500A002740C0 /* KyoboHandwriting2020pdy.otf */ = {isa = PBXFileReference; lastKnownFileType = file; path = KyoboHandwriting2020pdy.otf; sourceTree = "<group>"; };
		EABF181327DC500A002740C0 /* UhBee-QUEEN-J.ttf */ = {isa = PBXFileReference; lastKnownFileType = file; path = "UhBee-QUEEN-J.ttf"; sourceTree = "<group>"; };
		EADF7FAE2872C94000F35EF3 /* LoadingView.swift */ = {isa = PBXFileReference; lastKnownFileType = sourcecode.swift; path = LoadingView.swift; sourceTree = "<group>"; };
		EAECC9A128544C4400C02191 /* PictureDiary.entitlements */ = {isa = PBXFileReference; lastKnownFileType = text.plist.entitlements; path = PictureDiary.entitlements; sourceTree = "<group>"; };
		EAF0C59428082F9800E0640B /* ToolType.swift */ = {isa = PBXFileReference; lastKnownFileType = sourcecode.swift; path = ToolType.swift; sourceTree = "<group>"; };
		EAF0C5972808339500E0640B /* ModalDialog.swift */ = {isa = PBXFileReference; lastKnownFileType = sourcecode.swift; path = ModalDialog.swift; sourceTree = "<group>"; };
		EAF530322819C921001CE8FE /* CDPictureDiaryHandler.swift */ = {isa = PBXFileReference; lastKnownFileType = sourcecode.swift; path = CDPictureDiaryHandler.swift; sourceTree = "<group>"; };
		EAFC1D60281D04B40072B995 /* Date+Ext.swift */ = {isa = PBXFileReference; lastKnownFileType = sourcecode.swift; path = "Date+Ext.swift"; sourceTree = "<group>"; };
		EAFE862527D0CD8C00519243 /* PictureDiary.app */ = {isa = PBXFileReference; explicitFileType = wrapper.application; includeInIndex = 0; path = PictureDiary.app; sourceTree = BUILT_PRODUCTS_DIR; };
		EAFE862827D0CD8C00519243 /* AppDelegate.swift */ = {isa = PBXFileReference; lastKnownFileType = sourcecode.swift; path = AppDelegate.swift; sourceTree = "<group>"; };
		EAFE862A27D0CD8C00519243 /* SceneDelegate.swift */ = {isa = PBXFileReference; lastKnownFileType = sourcecode.swift; path = SceneDelegate.swift; sourceTree = "<group>"; };
		EAFE863427D0CD8D00519243 /* Assets.xcassets */ = {isa = PBXFileReference; lastKnownFileType = folder.assetcatalog; path = Assets.xcassets; sourceTree = "<group>"; };
		EAFE863727D0CD8D00519243 /* Base */ = {isa = PBXFileReference; lastKnownFileType = file.storyboard; name = Base; path = Base.lproj/LaunchScreen.storyboard; sourceTree = "<group>"; };
		EAFE863927D0CD8D00519243 /* Info.plist */ = {isa = PBXFileReference; lastKnownFileType = text.plist.xml; name = Info.plist; path = PictureDiary/Resources/SupportingFiles/Info.plist; sourceTree = SOURCE_ROOT; };
		EAFE865427D22EAE00519243 /* AppComponent.swift */ = {isa = PBXFileReference; lastKnownFileType = sourcecode.swift; path = AppComponent.swift; sourceTree = "<group>"; };
		EAFE867127D23BF700519243 /* RootRouter.swift */ = {isa = PBXFileReference; lastKnownFileType = sourcecode.swift; path = RootRouter.swift; sourceTree = "<group>"; };
		EAFE867227D23BF700519243 /* RootViewController.swift */ = {isa = PBXFileReference; lastKnownFileType = sourcecode.swift; path = RootViewController.swift; sourceTree = "<group>"; };
		EAFE867327D23BF700519243 /* RootBuilder.swift */ = {isa = PBXFileReference; lastKnownFileType = sourcecode.swift; path = RootBuilder.swift; sourceTree = "<group>"; };
		EAFE867427D23BF700519243 /* RootInteractor.swift */ = {isa = PBXFileReference; lastKnownFileType = sourcecode.swift; path = RootInteractor.swift; sourceTree = "<group>"; };
		EAFE867927D3507100519243 /* BaseViewController.swift */ = {isa = PBXFileReference; lastKnownFileType = sourcecode.swift; path = BaseViewController.swift; sourceTree = "<group>"; };
		EAFE867F27D3540A00519243 /* SNSLoginButton.swift */ = {isa = PBXFileReference; lastKnownFileType = sourcecode.swift; path = SNSLoginButton.swift; sourceTree = "<group>"; };
		EAFE868127D3563100519243 /* ProviderType.swift */ = {isa = PBXFileReference; lastKnownFileType = sourcecode.swift; path = ProviderType.swift; sourceTree = "<group>"; };
		EAFE868327D362EB00519243 /* UILabel+Ext.swift */ = {isa = PBXFileReference; lastKnownFileType = sourcecode.swift; path = "UILabel+Ext.swift"; sourceTree = "<group>"; };
		EAFE868827D372EB00519243 /* LoggedOutRouter.swift */ = {isa = PBXFileReference; lastKnownFileType = sourcecode.swift; path = LoggedOutRouter.swift; sourceTree = "<group>"; };
		EAFE868927D372EB00519243 /* LoggedOutBuilder.swift */ = {isa = PBXFileReference; lastKnownFileType = sourcecode.swift; path = LoggedOutBuilder.swift; sourceTree = "<group>"; };
		EAFE868A27D372EB00519243 /* LoggedOutInteractor.swift */ = {isa = PBXFileReference; lastKnownFileType = sourcecode.swift; path = LoggedOutInteractor.swift; sourceTree = "<group>"; };
		EAFE868E27D372FA00519243 /* LoggedInRouter.swift */ = {isa = PBXFileReference; lastKnownFileType = sourcecode.swift; path = LoggedInRouter.swift; sourceTree = "<group>"; };
		EAFE868F27D372FA00519243 /* LoggedInBuilder.swift */ = {isa = PBXFileReference; lastKnownFileType = sourcecode.swift; path = LoggedInBuilder.swift; sourceTree = "<group>"; };
		EAFE869027D372FA00519243 /* LoggedInInteractor.swift */ = {isa = PBXFileReference; lastKnownFileType = sourcecode.swift; path = LoggedInInteractor.swift; sourceTree = "<group>"; };
		EAFE869527D47FD100519243 /* SNSLoginRouter.swift */ = {isa = PBXFileReference; lastKnownFileType = sourcecode.swift; path = SNSLoginRouter.swift; sourceTree = "<group>"; };
		EAFE869627D47FD100519243 /* SNSLoginViewController.swift */ = {isa = PBXFileReference; lastKnownFileType = sourcecode.swift; path = SNSLoginViewController.swift; sourceTree = "<group>"; };
		EAFE869727D47FD100519243 /* SNSLoginBuilder.swift */ = {isa = PBXFileReference; lastKnownFileType = sourcecode.swift; path = SNSLoginBuilder.swift; sourceTree = "<group>"; };
		EAFE869827D47FD100519243 /* SNSLoginInteractor.swift */ = {isa = PBXFileReference; lastKnownFileType = sourcecode.swift; path = SNSLoginInteractor.swift; sourceTree = "<group>"; };
		EAFE86A227D489E100519243 /* SplashRouter.swift */ = {isa = PBXFileReference; lastKnownFileType = sourcecode.swift; path = SplashRouter.swift; sourceTree = "<group>"; };
		EAFE86A327D489E100519243 /* SplashViewController.swift */ = {isa = PBXFileReference; lastKnownFileType = sourcecode.swift; path = SplashViewController.swift; sourceTree = "<group>"; };
		EAFE86A427D489E100519243 /* SplashBuilder.swift */ = {isa = PBXFileReference; lastKnownFileType = sourcecode.swift; path = SplashBuilder.swift; sourceTree = "<group>"; };
		EAFE86A527D489E100519243 /* SplashInteractor.swift */ = {isa = PBXFileReference; lastKnownFileType = sourcecode.swift; path = SplashInteractor.swift; sourceTree = "<group>"; };
		EAFE86AD27D499C300519243 /* VanishingCompletiondRouter.swift */ = {isa = PBXFileReference; lastKnownFileType = sourcecode.swift; path = VanishingCompletiondRouter.swift; sourceTree = "<group>"; };
		EAFE86AE27D499C300519243 /* VanishingCompletionViewController.swift */ = {isa = PBXFileReference; lastKnownFileType = sourcecode.swift; path = VanishingCompletionViewController.swift; sourceTree = "<group>"; };
		EAFE86AF27D499C300519243 /* VanishingCompletionBuilder.swift */ = {isa = PBXFileReference; lastKnownFileType = sourcecode.swift; path = VanishingCompletionBuilder.swift; sourceTree = "<group>"; };
		EAFE86B027D499C300519243 /* VanishingCompletionInteractor.swift */ = {isa = PBXFileReference; lastKnownFileType = sourcecode.swift; path = VanishingCompletionInteractor.swift; sourceTree = "<group>"; };
		EAFE86B527D49B1400519243 /* ViewControllable+Ext.swift */ = {isa = PBXFileReference; lastKnownFileType = sourcecode.swift; path = "ViewControllable+Ext.swift"; sourceTree = "<group>"; };
		EAFE86C227D5C8F500519243 /* DiaryListRouter.swift */ = {isa = PBXFileReference; lastKnownFileType = sourcecode.swift; path = DiaryListRouter.swift; sourceTree = "<group>"; };
		EAFE86C327D5C8F500519243 /* DiaryListViewController.swift */ = {isa = PBXFileReference; lastKnownFileType = sourcecode.swift; path = DiaryListViewController.swift; sourceTree = "<group>"; };
		EAFE86C427D5C8F500519243 /* DiaryListBuilder.swift */ = {isa = PBXFileReference; lastKnownFileType = sourcecode.swift; path = DiaryListBuilder.swift; sourceTree = "<group>"; };
		EAFE86C527D5C8F500519243 /* DiaryListInteractor.swift */ = {isa = PBXFileReference; lastKnownFileType = sourcecode.swift; path = DiaryListInteractor.swift; sourceTree = "<group>"; };
		EAFE86D327D5CC4000519243 /* AppBarTopView.swift */ = {isa = PBXFileReference; lastKnownFileType = sourcecode.swift; path = AppBarTopView.swift; sourceTree = "<group>"; };
		EAFE86D527D5D23A00519243 /* AppBarTopType.swift */ = {isa = PBXFileReference; lastKnownFileType = sourcecode.swift; path = AppBarTopType.swift; sourceTree = "<group>"; };
		EAFE86D727D5F14700519243 /* RootSplitViewController.swift */ = {isa = PBXFileReference; lastKnownFileType = sourcecode.swift; path = RootSplitViewController.swift; sourceTree = "<group>"; };
		EAFE86FC27D8657C00519243 /* RootPrimaryViewController.swift */ = {isa = PBXFileReference; lastKnownFileType = sourcecode.swift; path = RootPrimaryViewController.swift; sourceTree = "<group>"; };
		EAFE86FE27D8658D00519243 /* RootSecondaryViewController.swift */ = {isa = PBXFileReference; lastKnownFileType = sourcecode.swift; path = RootSecondaryViewController.swift; sourceTree = "<group>"; };
/* End PBXFileReference section */

/* Begin PBXFrameworksBuildPhase section */
		EAFE862227D0CD8C00519243 /* Frameworks */ = {
			isa = PBXFrameworksBuildPhase;
			buildActionMask = 2147483647;
			files = (
				24EB20180727972942353397 /* Pods_PictureDiary.framework in Frameworks */,
			);
			runOnlyForDeploymentPostprocessing = 0;
		};
/* End PBXFrameworksBuildPhase section */

/* Begin PBXGroup section */
		1E477AD5EFA9BCB9F49AC1FD /* Pods */ = {
			isa = PBXGroup;
			children = (
				45B77415E2E9170140664D7F /* Pods-PictureDiary.debug.xcconfig */,
				0E1E6D44D6FF25BF23E8C1BC /* Pods-PictureDiary.release.xcconfig */,
			);
			path = Pods;
			sourceTree = "<group>";
		};
		3972F19F0A8143CC35464BF6 /* Frameworks */ = {
			isa = PBXGroup;
			children = (
				9BD7439747D5C95598B0B8C8 /* Pods_PictureDiary.framework */,
			);
			name = Frameworks;
			sourceTree = "<group>";
		};
		602A74F428B9DE8600EEB554 /* Lotties */ = {
			isa = PBXGroup;
			children = (
				602A74F028B9DAB000EEB554 /* complete.json */,
				602A74F628B9DE9B00EEB554 /* loading.json */,
				602A74F528B9DE9B00EEB554 /* nothing.json */,
				608A379228B9D3EE00F189C3 /* splash.json */,
			);
			path = Lotties;
			sourceTree = "<group>";
		};
		60D307AB28B5F286006E7514 /* Settings */ = {
			isa = PBXGroup;
			children = (
				60D307AC28B5F286006E7514 /* SettingsRouter.swift */,
				60D307AD28B5F286006E7514 /* SettingsInteractor.swift */,
				60D307AE28B5F286006E7514 /* SettingsBuilder.swift */,
				60D307AF28B5F286006E7514 /* SettingsViewController.swift */,
				60D307B628B79405006E7514 /* SettingsCollectionViewCell.swift */,
				60D307D028B889F6006E7514 /* Font */,
				60D307DB28B8EB96006E7514 /* Notice */,
			);
			path = Settings;
			sourceTree = "<group>";
		};
		60D307D028B889F6006E7514 /* Font */ = {
			isa = PBXGroup;
			children = (
				60D307C828B889EA006E7514 /* FontSettingRouter.swift */,
				60D307C928B889EA006E7514 /* FontSettingViewController.swift */,
				60D307CA28B889EA006E7514 /* FontSettingBuilder.swift */,
				60D307CB28B889EA006E7514 /* FontSettingInteractor.swift */,
				60D307D128B88A67006E7514 /* FontSettingCell.swift */,
			);
			path = Font;
			sourceTree = "<group>";
		};
		60D307DB28B8EB96006E7514 /* Notice */ = {
			isa = PBXGroup;
			children = (
				60D307D328B8EB91006E7514 /* NoticeRouter.swift */,
				60D307D428B8EB91006E7514 /* NoticeViewController.swift */,
				60D307D528B8EB91006E7514 /* NoticeBuilder.swift */,
				60D307D628B8EB91006E7514 /* NoticeInteractor.swift */,
				60D307DC28B907D4006E7514 /* NoticeCell.swift */,
			);
			path = Notice;
			sourceTree = "<group>";
		};
		92EAAA92A22244A144185FF5 /* Palette */ = {
			isa = PBXGroup;
			children = (
				92EAA71955F25FB0FBCEFCAE /* PaletteView.swift */,
				EA2840242806CB6D00D8DCB1 /* PaletteColorCell.swift */,
				602A74FB28BBA12D00EEB554 /* CustomSlider.swift */,
			);
			path = Palette;
			sourceTree = "<group>";
		};
		EA08CF802858552B00A0A029 /* ShareInstagramView */ = {
			isa = PBXGroup;
			children = (
				EA08CF812858553E00A0A029 /* ShareInstagramView.swift */,
			);
			path = ShareInstagramView;
			sourceTree = "<group>";
		};
		EA08CF852858B95900A0A029 /* Service */ = {
			isa = PBXGroup;
			children = (
				EA08CF8D2859B69500A0A029 /* Diary */,
				EA08CF862858B97F00A0A029 /* Auth */,
			);
			path = Service;
			sourceTree = "<group>";
		};
		EA08CF862858B97F00A0A029 /* Auth */ = {
			isa = PBXGroup;
			children = (
				EA08CF872858B98B00A0A029 /* KakaoAuth.swift */,
				EA08CF892858B99500A0A029 /* AppleAuth.swift */,
				EA08CF8B2858B99F00A0A029 /* GoogleAuth.swift */,
				EA108F84285B0B4D00F23226 /* OAuthProtocol.swift */,
				EA108F88285B2E8A00F23226 /* ASAuthorizationControllerDelegateProxy.swift */,
			);
			path = Auth;
			sourceTree = "<group>";
		};
		EA08CF8D2859B69500A0A029 /* Diary */ = {
			isa = PBXGroup;
			children = (
			);
			path = Diary;
			sourceTree = "<group>";
		};
		EA625C3C282B2B04002BCABD /* DiaryDetail */ = {
			isa = PBXGroup;
			children = (
				EA625C3D282B2B23002BCABD /* DiaryDetailRouter.swift */,
				EA625C3E282B2B23002BCABD /* DiaryDetailViewController.swift */,
				EA625C3F282B2B23002BCABD /* DiaryDetailBuilder.swift */,
				EA625C40282B2B23002BCABD /* DiaryDetailInteractor.swift */,
			);
			path = DiaryDetail;
			sourceTree = "<group>";
		};
		EA8E1B42287BB4C5003ECD7B /* RandomDiary */ = {
			isa = PBXGroup;
			children = (
				EADF7FB028744AF100F35EF3 /* StampDrawer */,
				EA8E1B43287BB4E4003ECD7B /* RandomDiaryRouter.swift */,
				EA8E1B44287BB4E4003ECD7B /* RandomDiaryViewController.swift */,
				EA8E1B45287BB4E4003ECD7B /* RandomDiaryBuilder.swift */,
				EA8E1B46287BB4E4003ECD7B /* RandomDiaryInteractor.swift */,
			);
			path = RandomDiary;
			sourceTree = "<group>";
		};
		EA98C4B027DEBF360045055D /* CreateDiary */ = {
			isa = PBXGroup;
			children = (
				EA98C4B127DEBF4B0045055D /* CreateDiaryRouter.swift */,
				EA98C4B227DEBF4B0045055D /* CreateDiaryViewController.swift */,
				EA98C4B327DEBF4B0045055D /* CreateDiaryBuilder.swift */,
				EA98C4B427DEBF4B0045055D /* CreateDiaryInteractor.swift */,
			);
			path = CreateDiary;
			sourceTree = "<group>";
		};
		EAB1E21027FADA9E00EEDFDF /* DiaryTextField */ = {
			isa = PBXGroup;
			children = (
				EAB1E21127FADB0000EEDFDF /* DiaryTextFieldRouter.swift */,
				EAB1E21227FADB0000EEDFDF /* DiaryTextFieldViewController.swift */,
				EAB1E21327FADB0000EEDFDF /* DiaryTextFieldBuilder.swift */,
				EAB1E21427FADB0000EEDFDF /* DiaryTextFieldInteractor.swift */,
			);
			path = DiaryTextField;
			sourceTree = "<group>";
		};
		EAB4542E27FC3DD00002A3B1 /* DiaryDrawing */ = {
			isa = PBXGroup;
			children = (
				EAB4542F27FC3DFC0002A3B1 /* DiaryDrawingRouter.swift */,
				EAB4543027FC3DFC0002A3B1 /* DiaryDrawingViewController.swift */,
				EAB4543127FC3DFC0002A3B1 /* DiaryDrawingBuilder.swift */,
				EAB4543227FC3DFC0002A3B1 /* DiaryDrawingInteractor.swift */,
			);
			path = DiaryDrawing;
			sourceTree = "<group>";
		};
		EABF17EF27DB576A002740C0 /* EmptyDiaryList */ = {
			isa = PBXGroup;
			children = (
				EABF17F027DB5786002740C0 /* EmptyDiaryListView.swift */,
			);
			path = EmptyDiaryList;
			sourceTree = "<group>";
		};
		EABF180927DC4FF5002740C0 /* Pretendard */ = {
			isa = PBXGroup;
			children = (
				EABF17FD27DBBABF002740C0 /* Pretendard-Black.otf */,
				EABF17F727DBBABF002740C0 /* Pretendard-Bold.otf */,
				EABF17F627DBBABF002740C0 /* Pretendard-ExtraBold.otf */,
				EABF17F827DBBABF002740C0 /* Pretendard-ExtraLight.otf */,
				EABF17F927DBBABF002740C0 /* Pretendard-Light.otf */,
				EABF17F527DBBABF002740C0 /* Pretendard-Medium.otf */,
				EABF17FA27DBBABF002740C0 /* Pretendard-Regular.otf */,
				EABF17FB27DBBABF002740C0 /* Pretendard-SemiBold.otf */,
				EABF17FC27DBBABF002740C0 /* Pretendard-Thin.otf */,
			);
			path = Pretendard;
			sourceTree = "<group>";
		};
		EABF180A27DC5001002740C0 /* Default */ = {
			isa = PBXGroup;
			children = (
				EABF181027DC500A002740C0 /* BMYEONSUNG.ttf */,
				EABF180C27DC5009002740C0 /* dovemayo.otf */,
				EABF181227DC500A002740C0 /* KyoboHandwriting2020pdy.otf */,
				EABF180F27DC500A002740C0 /* UhBee-DongKyung.ttf */,
				EABF180E27DC500A002740C0 /* UhBee-Ham-Bold.ttf */,
				EABF180D27DC5009002740C0 /* UhBee-namsoyoung.ttf */,
				EABF181127DC500A002740C0 /* UhBee-puding.ttf */,
				EABF181327DC500A002740C0 /* UhBee-QUEEN-J.ttf */,
				EABF180B27DC5009002740C0 /* UhBee-Seulvely-2.ttf */,
			);
			path = Default;
			sourceTree = "<group>";
		};
		EADF7FAD2872C92B00F35EF3 /* LoadingView */ = {
			isa = PBXGroup;
			children = (
				EADF7FAE2872C94000F35EF3 /* LoadingView.swift */,
			);
			path = LoadingView;
			sourceTree = "<group>";
		};
		EADF7FB028744AF100F35EF3 /* StampDrawer */ = {
			isa = PBXGroup;
			children = (
				EA8E1B4D287C0817003ECD7B /* StampDrawerRouter.swift */,
				EA8E1B4E287C0817003ECD7B /* StampDrawerViewController.swift */,
				EA8E1B4F287C0817003ECD7B /* StampDrawerBuilder.swift */,
				EA8E1B50287C0817003ECD7B /* StampDrawerInteractor.swift */,
				EA8E1B5D287C1126003ECD7B /* StampDrawerCell.swift */,
			);
			path = StampDrawer;
			sourceTree = "<group>";
		};
		EAF0C5962808336900E0640B /* ModalDialog */ = {
			isa = PBXGroup;
			children = (
				EAF0C5972808339500E0640B /* ModalDialog.swift */,
			);
			path = ModalDialog;
			sourceTree = "<group>";
		};
		EAFE861C27D0CD8C00519243 = {
			isa = PBXGroup;
			children = (
				EAFE862727D0CD8C00519243 /* PictureDiary */,
				EAFE862627D0CD8C00519243 /* Products */,
				1E477AD5EFA9BCB9F49AC1FD /* Pods */,
				3972F19F0A8143CC35464BF6 /* Frameworks */,
			);
			sourceTree = "<group>";
		};
		EAFE862627D0CD8C00519243 /* Products */ = {
			isa = PBXGroup;
			children = (
				EAFE862527D0CD8C00519243 /* PictureDiary.app */,
			);
			name = Products;
			sourceTree = "<group>";
		};
		EAFE862727D0CD8C00519243 /* PictureDiary */ = {
			isa = PBXGroup;
			children = (
				EAECC9A128544C4400C02191 /* PictureDiary.entitlements */,
				EAFE864227D0DE8100519243 /* Resources */,
				EAFE863F27D0DDEE00519243 /* Sources */,
			);
			path = PictureDiary;
			sourceTree = "<group>";
		};
		EAFE863F27D0DDEE00519243 /* Sources */ = {
			isa = PBXGroup;
			children = (
				EAFE864D27D0E25600519243 /* Common */,
				EAFE865327D0E28C00519243 /* CoreData */,
				EAFE864E27D0E25E00519243 /* Enums */,
				EAFE864C27D0E24800519243 /* Extensions */,
				EAFE864927D0E21100519243 /* Models */,
				EAFE864F27D0E26300519243 /* Networking */,
				EAFE864B27D0E21F00519243 /* Repository */,
				EAFE864727D0E1DF00519243 /* RIBs */,
				EA08CF852858B95900A0A029 /* Service */,
			);
			path = Sources;
			sourceTree = "<group>";
		};
		EAFE864127D0DE6900519243 /* AppStart */ = {
			isa = PBXGroup;
			children = (
				EAFE865427D22EAE00519243 /* AppComponent.swift */,
				EAFE862827D0CD8C00519243 /* AppDelegate.swift */,
				EAFE862A27D0CD8C00519243 /* SceneDelegate.swift */,
			);
			path = AppStart;
			sourceTree = "<group>";
		};
		EAFE864227D0DE8100519243 /* Resources */ = {
			isa = PBXGroup;
			children = (
				602A74F428B9DE8600EEB554 /* Lotties */,
				EAFE863627D0CD8D00519243 /* LaunchScreen.storyboard */,
				EAFE863427D0CD8D00519243 /* Assets.xcassets */,
				EAFE864627D0DFC600519243 /* Fonts */,
				EAFE864427D0DF9000519243 /* SupportingFiles */,
			);
			path = Resources;
			sourceTree = "<group>";
		};
		EAFE864427D0DF9000519243 /* SupportingFiles */ = {
			isa = PBXGroup;
			children = (
				602A74F928BA845C00EEB554 /* GoogleService-Info.plist */,
				EAFE863927D0CD8D00519243 /* Info.plist */,
				EA51AB8C285DAF7B00D9B294 /* config.xcconfig */,
			);
			path = SupportingFiles;
			sourceTree = "<group>";
		};
		EAFE864627D0DFC600519243 /* Fonts */ = {
			isa = PBXGroup;
			children = (
				EABF180A27DC5001002740C0 /* Default */,
				EABF180927DC4FF5002740C0 /* Pretendard */,
			);
			path = Fonts;
			sourceTree = "<group>";
		};
		EAFE864727D0E1DF00519243 /* RIBs */ = {
			isa = PBXGroup;
			children = (
				60D307AB28B5F286006E7514 /* Settings */,
				EAFE864127D0DE6900519243 /* AppStart */,
				EA98C4B027DEBF360045055D /* CreateDiary */,
				EA625C3C282B2B04002BCABD /* DiaryDetail */,
				EAB4542E27FC3DD00002A3B1 /* DiaryDrawing */,
				EAFE869427D47F9900519243 /* SNSLogin */,
				EAFE86C127D5A1DD00519243 /* DiaryList */,
				EAB1E21027FADA9E00EEDFDF /* DiaryTextField */,
				EAFE868627D368DF00519243 /* LoggedIn */,
				EAFE868527D368D700519243 /* LoggedOut */,
				EA8E1B42287BB4C5003ECD7B /* RandomDiary */,
				EAFE865627D22EED00519243 /* Root */,
				EAFE86A127D489D200519243 /* Splash */,
				EAFE86AC27D4999C00519243 /* VanishingCompletion */,
			);
			path = RIBs;
			sourceTree = "<group>";
		};
		EAFE864927D0E21100519243 /* Models */ = {
			isa = PBXGroup;
			children = (
				EA108F8A285B34D100F23226 /* ModelTokenResponse.swift */,
				607E8032289EE6560097FD8A /* ModelDiaryImageUploadResponse.swift */,
				EA108F90285C673900F23226 /* ModelAuthResponse.swift */,
				EA9E04EE28605809005845E4 /* ModelDiaryResponse.swift */,
				EA0A3C162865C94000BD779B /* ModelCommonResponse.swift */,
			);
			path = Models;
			sourceTree = "<group>";
		};
		EAFE864B27D0E21F00519243 /* Repository */ = {
			isa = PBXGroup;
			children = (
				EA08CF832858B84E00A0A029 /* AuthRepository.swift */,
				EA9E04EC286056BE005845E4 /* DiaryRepository.swift */,
			);
			path = Repository;
			sourceTree = "<group>";
		};
		EAFE864C27D0E24800519243 /* Extensions */ = {
			isa = PBXGroup;
			children = (
				EAFE86B527D49B1400519243 /* ViewControllable+Ext.swift */,
				EAFE868327D362EB00519243 /* UILabel+Ext.swift */,
				EABF180727DBBB5F002740C0 /* UIFont+Ext.swift */,
				EA98C4B927DF04310045055D /* UITextView+Ext.swift */,
				EA98C4BD27DF137E0045055D /* UIImage+Ext.swift */,
				EAB1E21F27FC120600EEDFDF /* UserDefaults+Ext.swift */,
				EA2840262807E7B300D8DCB1 /* UIColor+Ext.swift */,
				EAFC1D60281D04B40072B995 /* Date+Ext.swift */,
				EA9E04EA285E3DD7005845E4 /* KeychainWrapper+Ext.swift */,
			);
			path = Extensions;
			sourceTree = "<group>";
		};
		EAFE864D27D0E25600519243 /* Common */ = {
			isa = PBXGroup;
			children = (
				EADF7FAD2872C92B00F35EF3 /* LoadingView */,
				EA08CF802858552B00A0A029 /* ShareInstagramView */,
				EAF0C5962808336900E0640B /* ModalDialog */,
				EAFE867D27D352EC00519243 /* Protocols */,
				EAFE86D227D5CC2F00519243 /* AppBarTop */,
				EAFE867E27D353FC00519243 /* SNSLoginButton */,
				EABF17EF27DB576A002740C0 /* EmptyDiaryList */,
				92EAAA92A22244A144185FF5 /* Palette */,
			);
			path = Common;
			sourceTree = "<group>";
		};
		EAFE864E27D0E25E00519243 /* Enums */ = {
			isa = PBXGroup;
			children = (
				EAFE868127D3563100519243 /* ProviderType.swift */,
				EAFE86D527D5D23A00519243 /* AppBarTopType.swift */,
				EA2840282807EAC000D8DCB1 /* PaletteColorType.swift */,
				EA28402A2807F01900D8DCB1 /* AppColorType.swift */,
				EAF0C59428082F9800E0640B /* ToolType.swift */,
				EA2CDCB128153D0700E6C18F /* WeatherType.swift */,
				EA51AB8A285D836100D9B294 /* ErrorType.swift */,
				EA8E1B4B287BC8C4003ECD7B /* StampType.swift */,
				60D307B428B60740006E7514 /* SettingType.swift */,
			);
			path = Enums;
			sourceTree = "<group>";
		};
		EAFE864F27D0E26300519243 /* Networking */ = {
			isa = PBXGroup;
			children = (
				EAFE865127D0E26F00519243 /* APIs */,
				EA108F8E285C5C0200F23226 /* ServiceAPI.swift */,
			);
			path = Networking;
			sourceTree = "<group>";
		};
		EAFE865127D0E26F00519243 /* APIs */ = {
			isa = PBXGroup;
			children = (
				EA108F8C285B38FF00F23226 /* AuthAPI.swift */,
				EA0A3C122865B41700BD779B /* DiaryAPI.swift */,
			);
			path = APIs;
			sourceTree = "<group>";
		};
		EAFE865327D0E28C00519243 /* CoreData */ = {
			isa = PBXGroup;
			children = (
				607E30D428AE148A00BEA4DF /* PictureDiary+CoreDataClass.swift */,
				607E30D628AE148A00BEA4DF /* PictureDiary+CoreDataProperties.swift */,
				EAF530322819C921001CE8FE /* CDPictureDiaryHandler.swift */,
				EA01F9D9282A67C600A6E450 /* PictureDiary.xcdatamodeld */,
			);
			path = CoreData;
			sourceTree = "<group>";
		};
		EAFE865627D22EED00519243 /* Root */ = {
			isa = PBXGroup;
			children = (
				EAFE867127D23BF700519243 /* RootRouter.swift */,
				EAFE867227D23BF700519243 /* RootViewController.swift */,
				EAFE867327D23BF700519243 /* RootBuilder.swift */,
				EAFE867427D23BF700519243 /* RootInteractor.swift */,
				EAFE86D727D5F14700519243 /* RootSplitViewController.swift */,
				EAFE86FC27D8657C00519243 /* RootPrimaryViewController.swift */,
				EAFE86FE27D8658D00519243 /* RootSecondaryViewController.swift */,
			);
			path = Root;
			sourceTree = "<group>";
		};
		EAFE867D27D352EC00519243 /* Protocols */ = {
			isa = PBXGroup;
			children = (
				EAFE867927D3507100519243 /* BaseViewController.swift */,
			);
			path = Protocols;
			sourceTree = "<group>";
		};
		EAFE867E27D353FC00519243 /* SNSLoginButton */ = {
			isa = PBXGroup;
			children = (
				EAFE867F27D3540A00519243 /* SNSLoginButton.swift */,
			);
			path = SNSLoginButton;
			sourceTree = "<group>";
		};
		EAFE868527D368D700519243 /* LoggedOut */ = {
			isa = PBXGroup;
			children = (
				EAFE868827D372EB00519243 /* LoggedOutRouter.swift */,
				EAFE868927D372EB00519243 /* LoggedOutBuilder.swift */,
				EAFE868A27D372EB00519243 /* LoggedOutInteractor.swift */,
			);
			path = LoggedOut;
			sourceTree = "<group>";
		};
		EAFE868627D368DF00519243 /* LoggedIn */ = {
			isa = PBXGroup;
			children = (
				EAFE868E27D372FA00519243 /* LoggedInRouter.swift */,
				EAFE868F27D372FA00519243 /* LoggedInBuilder.swift */,
				EAFE869027D372FA00519243 /* LoggedInInteractor.swift */,
			);
			path = LoggedIn;
			sourceTree = "<group>";
		};
		EAFE869427D47F9900519243 /* SNSLogin */ = {
			isa = PBXGroup;
			children = (
				EAFE869527D47FD100519243 /* SNSLoginRouter.swift */,
				EAFE869627D47FD100519243 /* SNSLoginViewController.swift */,
				EAFE869727D47FD100519243 /* SNSLoginBuilder.swift */,
				EAFE869827D47FD100519243 /* SNSLoginInteractor.swift */,
			);
			path = SNSLogin;
			sourceTree = "<group>";
		};
		EAFE86A127D489D200519243 /* Splash */ = {
			isa = PBXGroup;
			children = (
				EAFE86A227D489E100519243 /* SplashRouter.swift */,
				EAFE86A327D489E100519243 /* SplashViewController.swift */,
				EAFE86A427D489E100519243 /* SplashBuilder.swift */,
				EAFE86A527D489E100519243 /* SplashInteractor.swift */,
			);
			path = Splash;
			sourceTree = "<group>";
		};
		EAFE86AC27D4999C00519243 /* VanishingCompletion */ = {
			isa = PBXGroup;
			children = (
				EAFE86AD27D499C300519243 /* VanishingCompletiondRouter.swift */,
				EAFE86AE27D499C300519243 /* VanishingCompletionViewController.swift */,
				EAFE86AF27D499C300519243 /* VanishingCompletionBuilder.swift */,
				EAFE86B027D499C300519243 /* VanishingCompletionInteractor.swift */,
			);
			path = VanishingCompletion;
			sourceTree = "<group>";
		};
		EAFE86C127D5A1DD00519243 /* DiaryList */ = {
			isa = PBXGroup;
			children = (
				EAFE86C227D5C8F500519243 /* DiaryListRouter.swift */,
				EAFE86C327D5C8F500519243 /* DiaryListViewController.swift */,
				EAFE86C427D5C8F500519243 /* DiaryListBuilder.swift */,
				EAFE86C527D5C8F500519243 /* DiaryListInteractor.swift */,
				EABF17F327DBB86F002740C0 /* DiaryCollectionViewCell.swift */,
			);
			path = DiaryList;
			sourceTree = "<group>";
		};
		EAFE86D227D5CC2F00519243 /* AppBarTop */ = {
			isa = PBXGroup;
			children = (
				EAFE86D327D5CC4000519243 /* AppBarTopView.swift */,
			);
			path = AppBarTop;
			sourceTree = "<group>";
		};
/* End PBXGroup section */

/* Begin PBXNativeTarget section */
		EAFE862427D0CD8C00519243 /* PictureDiary */ = {
			isa = PBXNativeTarget;
			buildConfigurationList = EAFE863C27D0CD8D00519243 /* Build configuration list for PBXNativeTarget "PictureDiary" */;
			buildPhases = (
				E13F41BBBDF4C02D70F2AE8A /* [CP] Check Pods Manifest.lock */,
				EAFE862127D0CD8C00519243 /* Sources */,
				EAFE862227D0CD8C00519243 /* Frameworks */,
				EAFE862327D0CD8C00519243 /* Resources */,
				DFF48E8649A02A70063D1A34 /* [CP] Embed Pods Frameworks */,
				68921512FBE6F431D8E0D3B7 /* [CP] Copy Pods Resources */,
				60F39BBD2898330E00B7D396 /* ShellScript */,
			);
			buildRules = (
			);
			dependencies = (
			);
			name = PictureDiary;
			productName = PictureDiary;
			productReference = EAFE862527D0CD8C00519243 /* PictureDiary.app */;
			productType = "com.apple.product-type.application";
		};
/* End PBXNativeTarget section */

/* Begin PBXProject section */
		EAFE861D27D0CD8C00519243 /* Project object */ = {
			isa = PBXProject;
			attributes = {
				BuildIndependentTargetsInParallel = 1;
				LastSwiftUpdateCheck = 1320;
				LastUpgradeCheck = 1320;
				TargetAttributes = {
					EAFE862427D0CD8C00519243 = {
						CreatedOnToolsVersion = 13.2.1;
					};
				};
			};
			buildConfigurationList = EAFE862027D0CD8C00519243 /* Build configuration list for PBXProject "PictureDiary" */;
			compatibilityVersion = "Xcode 13.0";
			developmentRegion = en;
			hasScannedForEncodings = 0;
			knownRegions = (
				en,
				Base,
			);
			mainGroup = EAFE861C27D0CD8C00519243;
			productRefGroup = EAFE862627D0CD8C00519243 /* Products */;
			projectDirPath = "";
			projectRoot = "";
			targets = (
				EAFE862427D0CD8C00519243 /* PictureDiary */,
			);
		};
/* End PBXProject section */

/* Begin PBXResourcesBuildPhase section */
		EAFE862327D0CD8C00519243 /* Resources */ = {
			isa = PBXResourcesBuildPhase;
			buildActionMask = 2147483647;
			files = (
				603DA7CA28AE15D1007DF755 /* PictureDiary.xcdatamodeld in Resources */,
				EABF180127DBBABF002740C0 /* Pretendard-ExtraLight.otf in Resources */,
				EABF180527DBBABF002740C0 /* Pretendard-Thin.otf in Resources */,
				602A74F128B9DAB000EEB554 /* complete.json in Resources */,
				EAFE863827D0CD8D00519243 /* LaunchScreen.storyboard in Resources */,
				608A379328B9D3EE00F189C3 /* splash.json in Resources */,
				EABF181A27DC500A002740C0 /* UhBee-puding.ttf in Resources */,
				EABF181927DC500A002740C0 /* BMYEONSUNG.ttf in Resources */,
				EABF180027DBBABF002740C0 /* Pretendard-Bold.otf in Resources */,
				602A74F828B9DE9B00EEB554 /* loading.json in Resources */,
				EABF181B27DC500A002740C0 /* KyoboHandwriting2020pdy.otf in Resources */,
				EAFE863527D0CD8D00519243 /* Assets.xcassets in Resources */,
				EABF180227DBBABF002740C0 /* Pretendard-Light.otf in Resources */,
				602A74FA28BA845C00EEB554 /* GoogleService-Info.plist in Resources */,
				EABF180627DBBABF002740C0 /* Pretendard-Black.otf in Resources */,
				EABF180327DBBABF002740C0 /* Pretendard-Regular.otf in Resources */,
				EABF181727DC500A002740C0 /* UhBee-Ham-Bold.ttf in Resources */,
				EABF180427DBBABF002740C0 /* Pretendard-SemiBold.otf in Resources */,
				EABF17FF27DBBABF002740C0 /* Pretendard-ExtraBold.otf in Resources */,
				EABF181827DC500A002740C0 /* UhBee-DongKyung.ttf in Resources */,
				EABF181427DC500A002740C0 /* UhBee-Seulvely-2.ttf in Resources */,
				602A74F728B9DE9B00EEB554 /* nothing.json in Resources */,
				EABF181C27DC500A002740C0 /* UhBee-QUEEN-J.ttf in Resources */,
				EABF181527DC500A002740C0 /* dovemayo.otf in Resources */,
				EABF181627DC500A002740C0 /* UhBee-namsoyoung.ttf in Resources */,
				EABF17FE27DBBABF002740C0 /* Pretendard-Medium.otf in Resources */,
			);
			runOnlyForDeploymentPostprocessing = 0;
		};
/* End PBXResourcesBuildPhase section */

/* Begin PBXShellScriptBuildPhase section */
		60F39BBD2898330E00B7D396 /* ShellScript */ = {
			isa = PBXShellScriptBuildPhase;
			buildActionMask = 2147483647;
			files = (
			);
			inputFileListPaths = (
			);
			inputPaths = (
			);
			outputFileListPaths = (
			);
			outputPaths = (
			);
			runOnlyForDeploymentPostprocessing = 0;
			shellPath = /bin/sh;
			shellScript = "export PATH=\"$PATH:/opt/homebrew/bin\"\nif which swiftlint > /dev/null; then\n  swiftlint\nelse\n  echo \"warning: SwiftLint not installed, download from https://github.com/realm/SwiftLint\"\nfi\n";
		};
		68921512FBE6F431D8E0D3B7 /* [CP] Copy Pods Resources */ = {
			isa = PBXShellScriptBuildPhase;
			buildActionMask = 2147483647;
			files = (
			);
			inputFileListPaths = (
				"${PODS_ROOT}/Target Support Files/Pods-PictureDiary/Pods-PictureDiary-resources-${CONFIGURATION}-input-files.xcfilelist",
			);
			name = "[CP] Copy Pods Resources";
			outputFileListPaths = (
				"${PODS_ROOT}/Target Support Files/Pods-PictureDiary/Pods-PictureDiary-resources-${CONFIGURATION}-output-files.xcfilelist",
			);
			runOnlyForDeploymentPostprocessing = 0;
			shellPath = /bin/sh;
			shellScript = "\"${PODS_ROOT}/Target Support Files/Pods-PictureDiary/Pods-PictureDiary-resources.sh\"\n";
			showEnvVarsInLog = 0;
		};
		DFF48E8649A02A70063D1A34 /* [CP] Embed Pods Frameworks */ = {
			isa = PBXShellScriptBuildPhase;
			buildActionMask = 2147483647;
			files = (
			);
			inputFileListPaths = (
				"${PODS_ROOT}/Target Support Files/Pods-PictureDiary/Pods-PictureDiary-frameworks-${CONFIGURATION}-input-files.xcfilelist",
			);
			name = "[CP] Embed Pods Frameworks";
			outputFileListPaths = (
				"${PODS_ROOT}/Target Support Files/Pods-PictureDiary/Pods-PictureDiary-frameworks-${CONFIGURATION}-output-files.xcfilelist",
			);
			runOnlyForDeploymentPostprocessing = 0;
			shellPath = /bin/sh;
			shellScript = "\"${PODS_ROOT}/Target Support Files/Pods-PictureDiary/Pods-PictureDiary-frameworks.sh\"\n";
			showEnvVarsInLog = 0;
		};
		E13F41BBBDF4C02D70F2AE8A /* [CP] Check Pods Manifest.lock */ = {
			isa = PBXShellScriptBuildPhase;
			buildActionMask = 2147483647;
			files = (
			);
			inputFileListPaths = (
			);
			inputPaths = (
				"${PODS_PODFILE_DIR_PATH}/Podfile.lock",
				"${PODS_ROOT}/Manifest.lock",
			);
			name = "[CP] Check Pods Manifest.lock";
			outputFileListPaths = (
			);
			outputPaths = (
				"$(DERIVED_FILE_DIR)/Pods-PictureDiary-checkManifestLockResult.txt",
			);
			runOnlyForDeploymentPostprocessing = 0;
			shellPath = /bin/sh;
			shellScript = "diff \"${PODS_PODFILE_DIR_PATH}/Podfile.lock\" \"${PODS_ROOT}/Manifest.lock\" > /dev/null\nif [ $? != 0 ] ; then\n    # print error to STDERR\n    echo \"error: The sandbox is not in sync with the Podfile.lock. Run 'pod install' or update your CocoaPods installation.\" >&2\n    exit 1\nfi\n# This output is used by Xcode 'outputs' to avoid re-running this script phase.\necho \"SUCCESS\" > \"${SCRIPT_OUTPUT_FILE_0}\"\n";
			showEnvVarsInLog = 0;
		};
/* End PBXShellScriptBuildPhase section */

/* Begin PBXSourcesBuildPhase section */
		EAFE862127D0CD8C00519243 /* Sources */ = {
			isa = PBXSourcesBuildPhase;
			buildActionMask = 2147483647;
			files = (
				EABF17F127DB5786002740C0 /* EmptyDiaryListView.swift in Sources */,
				602A74FC28BBA12D00EEB554 /* CustomSlider.swift in Sources */,
				EAFE869227D372FA00519243 /* LoggedInBuilder.swift in Sources */,
				60D307B728B79405006E7514 /* SettingsCollectionViewCell.swift in Sources */,
				EAFE868B27D372EB00519243 /* LoggedOutRouter.swift in Sources */,
				EA2840252806CB6D00D8DCB1 /* PaletteColorCell.swift in Sources */,
				EA98C4B627DEBF4B0045055D /* CreateDiaryViewController.swift in Sources */,
				EAFE865527D22EAE00519243 /* AppComponent.swift in Sources */,
				EA98C4B527DEBF4B0045055D /* CreateDiaryRouter.swift in Sources */,
				60D307B028B5F286006E7514 /* SettingsRouter.swift in Sources */,
				EAFE868D27D372EB00519243 /* LoggedOutInteractor.swift in Sources */,
				EAFE86B427D499C300519243 /* VanishingCompletionInteractor.swift in Sources */,
				EA8E1B53287C0817003ECD7B /* StampDrawerBuilder.swift in Sources */,
				EA8E1B5E287C1126003ECD7B /* StampDrawerCell.swift in Sources */,
				EAFE868227D3563100519243 /* ProviderType.swift in Sources */,
				EA08CF882858B98B00A0A029 /* KakaoAuth.swift in Sources */,
				EAB1E21627FADB0000EEDFDF /* DiaryTextFieldViewController.swift in Sources */,
				EAB1E21827FADB0000EEDFDF /* DiaryTextFieldInteractor.swift in Sources */,
				EAFE862927D0CD8C00519243 /* AppDelegate.swift in Sources */,
				EAFE867627D23BF700519243 /* RootViewController.swift in Sources */,
				EAFE869B27D47FD100519243 /* SNSLoginBuilder.swift in Sources */,
				60D307D728B8EB91006E7514 /* NoticeRouter.swift in Sources */,
				60D307CC28B889EA006E7514 /* FontSettingRouter.swift in Sources */,
				EA2840272807E7B300D8DCB1 /* UIColor+Ext.swift in Sources */,
				EAF0C5982808339500E0640B /* ModalDialog.swift in Sources */,
				EAFE869327D372FA00519243 /* LoggedInInteractor.swift in Sources */,
				60D307D228B88A67006E7514 /* FontSettingCell.swift in Sources */,
				EAFC1D61281D04B40072B995 /* Date+Ext.swift in Sources */,
				EA08CF8C2858B99F00A0A029 /* GoogleAuth.swift in Sources */,
				EAB1E21727FADB0000EEDFDF /* DiaryTextFieldBuilder.swift in Sources */,
				EA08CF842858B84E00A0A029 /* AuthRepository.swift in Sources */,
				EA108F8B285B34D100F23226 /* ModelTokenResponse.swift in Sources */,
				EAB4543627FC3DFC0002A3B1 /* DiaryDrawingInteractor.swift in Sources */,
				EAFE868027D3540A00519243 /* SNSLoginButton.swift in Sources */,
				EAFE869C27D47FD100519243 /* SNSLoginInteractor.swift in Sources */,
				EAFE867527D23BF700519243 /* RootRouter.swift in Sources */,
				EADF7FAF2872C94000F35EF3 /* LoadingView.swift in Sources */,
				60D307CD28B889EA006E7514 /* FontSettingViewController.swift in Sources */,
				EAFE86B627D49B1400519243 /* ViewControllable+Ext.swift in Sources */,
				EAFE86D627D5D23A00519243 /* AppBarTopType.swift in Sources */,
				EAFE86FD27D8657D00519243 /* RootPrimaryViewController.swift in Sources */,
				60D307CF28B889EA006E7514 /* FontSettingInteractor.swift in Sources */,
				EA8E1B51287C0817003ECD7B /* StampDrawerRouter.swift in Sources */,
				EAB4543527FC3DFC0002A3B1 /* DiaryDrawingBuilder.swift in Sources */,
				EA08CF8A2858B99500A0A029 /* AppleAuth.swift in Sources */,
				EA2CDCB228153D0700E6C18F /* WeatherType.swift in Sources */,
				60D307B128B5F286006E7514 /* SettingsInteractor.swift in Sources */,
				EA0A3C132865B41700BD779B /* DiaryAPI.swift in Sources */,
				EA8E1B48287BB4E4003ECD7B /* RandomDiaryViewController.swift in Sources */,
				EAFE869127D372FA00519243 /* LoggedInRouter.swift in Sources */,
				60D307B328B5F286006E7514 /* SettingsViewController.swift in Sources */,
				EAFE86A927D489E100519243 /* SplashInteractor.swift in Sources */,
				EA51AB8B285D836100D9B294 /* ErrorType.swift in Sources */,
				EAFE86A627D489E100519243 /* SplashRouter.swift in Sources */,
				EAFE869927D47FD100519243 /* SNSLoginRouter.swift in Sources */,
				EAFE867A27D3507100519243 /* BaseViewController.swift in Sources */,
				EA98C4BA27DF04310045055D /* UITextView+Ext.swift in Sources */,
				60D307DA28B8EB91006E7514 /* NoticeInteractor.swift in Sources */,
				EA625C42282B2B23002BCABD /* DiaryDetailViewController.swift in Sources */,
				EA0A3C172865C94000BD779B /* ModelCommonResponse.swift in Sources */,
				EA08CF822858553E00A0A029 /* ShareInstagramView.swift in Sources */,
				EA108F91285C673900F23226 /* ModelAuthResponse.swift in Sources */,
				EABF180827DBBB5F002740C0 /* UIFont+Ext.swift in Sources */,
				EA8E1B54287C0817003ECD7B /* StampDrawerInteractor.swift in Sources */,
				EAFE86C827D5C8F500519243 /* DiaryListBuilder.swift in Sources */,
				EAB1E21527FADB0000EEDFDF /* DiaryTextFieldRouter.swift in Sources */,
				60D307B528B60740006E7514 /* SettingType.swift in Sources */,
				607E30D828AE148A00BEA4DF /* PictureDiary+CoreDataProperties.swift in Sources */,
				EAFE86A727D489E100519243 /* SplashViewController.swift in Sources */,
				EA108F89285B2E8A00F23226 /* ASAuthorizationControllerDelegateProxy.swift in Sources */,
				EAFE86C727D5C8F500519243 /* DiaryListViewController.swift in Sources */,
				EA98C4B727DEBF4B0045055D /* CreateDiaryBuilder.swift in Sources */,
				EA108F85285B0B4D00F23226 /* OAuthProtocol.swift in Sources */,
				EA108F8D285B38FF00F23226 /* AuthAPI.swift in Sources */,
				EAFE86B127D499C300519243 /* VanishingCompletiondRouter.swift in Sources */,
				EA625C44282B2B23002BCABD /* DiaryDetailInteractor.swift in Sources */,
				EAFE86B227D499C300519243 /* VanishingCompletionViewController.swift in Sources */,
				EAF0C59528082F9800E0640B /* ToolType.swift in Sources */,
				EAFE86A827D489E100519243 /* SplashBuilder.swift in Sources */,
				EA2840292807EAC000D8DCB1 /* PaletteColorType.swift in Sources */,
				EA625C43282B2B23002BCABD /* DiaryDetailBuilder.swift in Sources */,
				EA8E1B49287BB4E4003ECD7B /* RandomDiaryBuilder.swift in Sources */,
				EAB4543427FC3DFC0002A3B1 /* DiaryDrawingViewController.swift in Sources */,
				EAF530332819C921001CE8FE /* CDPictureDiaryHandler.swift in Sources */,
				EA98C4BE27DF137E0045055D /* UIImage+Ext.swift in Sources */,
				60D307D928B8EB91006E7514 /* NoticeBuilder.swift in Sources */,
				60D307DD28B907D4006E7514 /* NoticeCell.swift in Sources */,
				EA9E04ED286056BE005845E4 /* DiaryRepository.swift in Sources */,
				EA8E1B4C287BC8C4003ECD7B /* StampType.swift in Sources */,
				EAFE86C627D5C8F500519243 /* DiaryListRouter.swift in Sources */,
				EA98C4B827DEBF4B0045055D /* CreateDiaryInteractor.swift in Sources */,
				EAFE86B327D499C300519243 /* VanishingCompletionBuilder.swift in Sources */,
				EAFE867827D23BF700519243 /* RootInteractor.swift in Sources */,
				60D307D828B8EB91006E7514 /* NoticeViewController.swift in Sources */,
				607E8033289EE6560097FD8A /* ModelDiaryImageUploadResponse.swift in Sources */,
				EAFE86FF27D8658D00519243 /* RootSecondaryViewController.swift in Sources */,
				EA9E04EF28605809005845E4 /* ModelDiaryResponse.swift in Sources */,
				607E30D728AE148A00BEA4DF /* PictureDiary+CoreDataClass.swift in Sources */,
				EAFE869A27D47FD100519243 /* SNSLoginViewController.swift in Sources */,
				60D307B228B5F286006E7514 /* SettingsBuilder.swift in Sources */,
				EAFE868C27D372EB00519243 /* LoggedOutBuilder.swift in Sources */,
				EA108F8F285C5C0200F23226 /* ServiceAPI.swift in Sources */,
				EAB4543327FC3DFC0002A3B1 /* DiaryDrawingRouter.swift in Sources */,
				EAFE862B27D0CD8C00519243 /* SceneDelegate.swift in Sources */,
				EAFE868427D362EB00519243 /* UILabel+Ext.swift in Sources */,
				EA28402B2807F01900D8DCB1 /* AppColorType.swift in Sources */,
				60D307CE28B889EA006E7514 /* FontSettingBuilder.swift in Sources */,
				EAFE86D827D5F14800519243 /* RootSplitViewController.swift in Sources */,
				EABF17F427DBB86F002740C0 /* DiaryCollectionViewCell.swift in Sources */,
				EAFE86C927D5C8F500519243 /* DiaryListInteractor.swift in Sources */,
				EA8E1B4A287BB4E4003ECD7B /* RandomDiaryInteractor.swift in Sources */,
				EAFE867727D23BF700519243 /* RootBuilder.swift in Sources */,
				EAB1E22027FC120600EEDFDF /* UserDefaults+Ext.swift in Sources */,
				EA8E1B47287BB4E4003ECD7B /* RandomDiaryRouter.swift in Sources */,
				EA8E1B52287C0817003ECD7B /* StampDrawerViewController.swift in Sources */,
				EA625C41282B2B23002BCABD /* DiaryDetailRouter.swift in Sources */,
				EA9E04EB285E3DD7005845E4 /* KeychainWrapper+Ext.swift in Sources */,
				EAFE86D427D5CC4000519243 /* AppBarTopView.swift in Sources */,
				92EAA4EB9351DECAA3FD6804 /* PaletteView.swift in Sources */,
			);
			runOnlyForDeploymentPostprocessing = 0;
		};
/* End PBXSourcesBuildPhase section */

/* Begin PBXVariantGroup section */
		EAFE863627D0CD8D00519243 /* LaunchScreen.storyboard */ = {
			isa = PBXVariantGroup;
			children = (
				EAFE863727D0CD8D00519243 /* Base */,
			);
			name = LaunchScreen.storyboard;
			sourceTree = "<group>";
		};
/* End PBXVariantGroup section */

/* Begin XCBuildConfiguration section */
		EAFE863A27D0CD8D00519243 /* Debug */ = {
			isa = XCBuildConfiguration;
			baseConfigurationReference = EA51AB8C285DAF7B00D9B294 /* config.xcconfig */;
			buildSettings = {
				ALWAYS_SEARCH_USER_PATHS = NO;
				CLANG_ANALYZER_NONNULL = YES;
				CLANG_ANALYZER_NUMBER_OBJECT_CONVERSION = YES_AGGRESSIVE;
				CLANG_CXX_LANGUAGE_STANDARD = "gnu++17";
				CLANG_CXX_LIBRARY = "libc++";
				CLANG_ENABLE_MODULES = YES;
				CLANG_ENABLE_OBJC_ARC = YES;
				CLANG_ENABLE_OBJC_WEAK = YES;
				CLANG_WARN_BLOCK_CAPTURE_AUTORELEASING = YES;
				CLANG_WARN_BOOL_CONVERSION = YES;
				CLANG_WARN_COMMA = YES;
				CLANG_WARN_CONSTANT_CONVERSION = YES;
				CLANG_WARN_DEPRECATED_OBJC_IMPLEMENTATIONS = YES;
				CLANG_WARN_DIRECT_OBJC_ISA_USAGE = YES_ERROR;
				CLANG_WARN_DOCUMENTATION_COMMENTS = YES;
				CLANG_WARN_EMPTY_BODY = YES;
				CLANG_WARN_ENUM_CONVERSION = YES;
				CLANG_WARN_INFINITE_RECURSION = YES;
				CLANG_WARN_INT_CONVERSION = YES;
				CLANG_WARN_NON_LITERAL_NULL_CONVERSION = YES;
				CLANG_WARN_OBJC_IMPLICIT_RETAIN_SELF = YES;
				CLANG_WARN_OBJC_LITERAL_CONVERSION = YES;
				CLANG_WARN_OBJC_ROOT_CLASS = YES_ERROR;
				CLANG_WARN_QUOTED_INCLUDE_IN_FRAMEWORK_HEADER = YES;
				CLANG_WARN_RANGE_LOOP_ANALYSIS = YES;
				CLANG_WARN_STRICT_PROTOTYPES = YES;
				CLANG_WARN_SUSPICIOUS_MOVE = YES;
				CLANG_WARN_UNGUARDED_AVAILABILITY = YES_AGGRESSIVE;
				CLANG_WARN_UNREACHABLE_CODE = YES;
				CLANG_WARN__DUPLICATE_METHOD_MATCH = YES;
				COPY_PHASE_STRIP = NO;
				DEBUG_INFORMATION_FORMAT = dwarf;
				ENABLE_STRICT_OBJC_MSGSEND = YES;
				ENABLE_TESTABILITY = YES;
				GCC_C_LANGUAGE_STANDARD = gnu11;
				GCC_DYNAMIC_NO_PIC = NO;
				GCC_NO_COMMON_BLOCKS = YES;
				GCC_OPTIMIZATION_LEVEL = 0;
				GCC_PREPROCESSOR_DEFINITIONS = (
					"DEBUG=1",
					"$(inherited)",
				);
				GCC_WARN_64_TO_32_BIT_CONVERSION = YES;
				GCC_WARN_ABOUT_RETURN_TYPE = YES_ERROR;
				GCC_WARN_UNDECLARED_SELECTOR = YES;
				GCC_WARN_UNINITIALIZED_AUTOS = YES_AGGRESSIVE;
				GCC_WARN_UNUSED_FUNCTION = YES;
				GCC_WARN_UNUSED_VARIABLE = YES;
				IPHONEOS_DEPLOYMENT_TARGET = 15.0;
				MTL_ENABLE_DEBUG_INFO = INCLUDE_SOURCE;
				MTL_FAST_MATH = YES;
				ONLY_ACTIVE_ARCH = YES;
				SDKROOT = iphoneos;
				SWIFT_ACTIVE_COMPILATION_CONDITIONS = DEBUG;
				SWIFT_OPTIMIZATION_LEVEL = "-Onone";
			};
			name = Debug;
		};
		EAFE863B27D0CD8D00519243 /* Release */ = {
			isa = XCBuildConfiguration;
			baseConfigurationReference = EA51AB8C285DAF7B00D9B294 /* config.xcconfig */;
			buildSettings = {
				ALWAYS_SEARCH_USER_PATHS = NO;
				CLANG_ANALYZER_NONNULL = YES;
				CLANG_ANALYZER_NUMBER_OBJECT_CONVERSION = YES_AGGRESSIVE;
				CLANG_CXX_LANGUAGE_STANDARD = "gnu++17";
				CLANG_CXX_LIBRARY = "libc++";
				CLANG_ENABLE_MODULES = YES;
				CLANG_ENABLE_OBJC_ARC = YES;
				CLANG_ENABLE_OBJC_WEAK = YES;
				CLANG_WARN_BLOCK_CAPTURE_AUTORELEASING = YES;
				CLANG_WARN_BOOL_CONVERSION = YES;
				CLANG_WARN_COMMA = YES;
				CLANG_WARN_CONSTANT_CONVERSION = YES;
				CLANG_WARN_DEPRECATED_OBJC_IMPLEMENTATIONS = YES;
				CLANG_WARN_DIRECT_OBJC_ISA_USAGE = YES_ERROR;
				CLANG_WARN_DOCUMENTATION_COMMENTS = YES;
				CLANG_WARN_EMPTY_BODY = YES;
				CLANG_WARN_ENUM_CONVERSION = YES;
				CLANG_WARN_INFINITE_RECURSION = YES;
				CLANG_WARN_INT_CONVERSION = YES;
				CLANG_WARN_NON_LITERAL_NULL_CONVERSION = YES;
				CLANG_WARN_OBJC_IMPLICIT_RETAIN_SELF = YES;
				CLANG_WARN_OBJC_LITERAL_CONVERSION = YES;
				CLANG_WARN_OBJC_ROOT_CLASS = YES_ERROR;
				CLANG_WARN_QUOTED_INCLUDE_IN_FRAMEWORK_HEADER = YES;
				CLANG_WARN_RANGE_LOOP_ANALYSIS = YES;
				CLANG_WARN_STRICT_PROTOTYPES = YES;
				CLANG_WARN_SUSPICIOUS_MOVE = YES;
				CLANG_WARN_UNGUARDED_AVAILABILITY = YES_AGGRESSIVE;
				CLANG_WARN_UNREACHABLE_CODE = YES;
				CLANG_WARN__DUPLICATE_METHOD_MATCH = YES;
				COPY_PHASE_STRIP = NO;
				DEBUG_INFORMATION_FORMAT = "dwarf-with-dsym";
				ENABLE_NS_ASSERTIONS = NO;
				ENABLE_STRICT_OBJC_MSGSEND = YES;
				GCC_C_LANGUAGE_STANDARD = gnu11;
				GCC_NO_COMMON_BLOCKS = YES;
				GCC_WARN_64_TO_32_BIT_CONVERSION = YES;
				GCC_WARN_ABOUT_RETURN_TYPE = YES_ERROR;
				GCC_WARN_UNDECLARED_SELECTOR = YES;
				GCC_WARN_UNINITIALIZED_AUTOS = YES_AGGRESSIVE;
				GCC_WARN_UNUSED_FUNCTION = YES;
				GCC_WARN_UNUSED_VARIABLE = YES;
				IPHONEOS_DEPLOYMENT_TARGET = 15.0;
				MTL_ENABLE_DEBUG_INFO = NO;
				MTL_FAST_MATH = YES;
				ONLY_ACTIVE_ARCH = NO;
				SDKROOT = iphoneos;
				SWIFT_COMPILATION_MODE = wholemodule;
				SWIFT_OPTIMIZATION_LEVEL = "-O";
				VALIDATE_PRODUCT = YES;
			};
			name = Release;
		};
		EAFE863D27D0CD8D00519243 /* Debug */ = {
			isa = XCBuildConfiguration;
			baseConfigurationReference = 45B77415E2E9170140664D7F /* Pods-PictureDiary.debug.xcconfig */;
			buildSettings = {
				ASSETCATALOG_COMPILER_APPICON_NAME = AppIcon;
				ASSETCATALOG_COMPILER_GLOBAL_ACCENT_COLOR_NAME = AccentColor;
				CODE_SIGN_ENTITLEMENTS = PictureDiary/PictureDiary.entitlements;
				CODE_SIGN_STYLE = Automatic;
				CURRENT_PROJECT_VERSION = 4;
				DEVELOPMENT_TEAM = 92NGUT4BRA;
				ENABLE_BITCODE = NO;
				GENERATE_INFOPLIST_FILE = YES;
				INFOPLIST_FILE = PictureDiary/Resources/SupportingFiles/Info.plist;
				INFOPLIST_KEY_CFBundleDisplayName = "쓱쓱";
				INFOPLIST_KEY_UIApplicationSupportsIndirectInputEvents = YES;
				INFOPLIST_KEY_UILaunchStoryboardName = LaunchScreen;
				INFOPLIST_KEY_UIRequiresFullScreen = YES;
				INFOPLIST_KEY_UISupportedInterfaceOrientations = UIInterfaceOrientationPortrait;
				INFOPLIST_KEY_UISupportedInterfaceOrientations_iPad = "UIInterfaceOrientationPortrait UIInterfaceOrientationPortraitUpsideDown UIInterfaceOrientationLandscapeLeft UIInterfaceOrientationLandscapeRight";
				INFOPLIST_KEY_UISupportedInterfaceOrientations_iPhone = UIInterfaceOrientationPortrait;
				INFOPLIST_KEY_UIUserInterfaceStyle = Light;
				IPHONEOS_DEPLOYMENT_TARGET = 13.0;
				LD_RUNPATH_SEARCH_PATHS = (
					"$(inherited)",
					"@executable_path/Frameworks",
				);
				MARKETING_VERSION = 1.0.0;
				ONLY_ACTIVE_ARCH = YES;
				PRODUCT_BUNDLE_IDENTIFIER = kr.co.byunghak.PictureDiary;
				PRODUCT_NAME = "$(TARGET_NAME)";
				SWIFT_EMIT_LOC_STRINGS = YES;
				SWIFT_VERSION = 5.0;
				TARGETED_DEVICE_FAMILY = "1,2";
			};
			name = Debug;
		};
		EAFE863E27D0CD8D00519243 /* Release */ = {
			isa = XCBuildConfiguration;
			baseConfigurationReference = 0E1E6D44D6FF25BF23E8C1BC /* Pods-PictureDiary.release.xcconfig */;
			buildSettings = {
				ASSETCATALOG_COMPILER_APPICON_NAME = AppIcon;
				ASSETCATALOG_COMPILER_GLOBAL_ACCENT_COLOR_NAME = AccentColor;
				CODE_SIGN_ENTITLEMENTS = PictureDiary/PictureDiary.entitlements;
				CODE_SIGN_STYLE = Automatic;
				CURRENT_PROJECT_VERSION = 4;
				DEVELOPMENT_TEAM = 92NGUT4BRA;
				ENABLE_BITCODE = NO;
				GENERATE_INFOPLIST_FILE = YES;
				INFOPLIST_FILE = PictureDiary/Resources/SupportingFiles/Info.plist;
				INFOPLIST_KEY_CFBundleDisplayName = "쓱쓱";
				INFOPLIST_KEY_UIApplicationSupportsIndirectInputEvents = YES;
				INFOPLIST_KEY_UILaunchStoryboardName = LaunchScreen;
				INFOPLIST_KEY_UIRequiresFullScreen = YES;
				INFOPLIST_KEY_UISupportedInterfaceOrientations = UIInterfaceOrientationPortrait;
				INFOPLIST_KEY_UISupportedInterfaceOrientations_iPad = "UIInterfaceOrientationPortrait UIInterfaceOrientationPortraitUpsideDown UIInterfaceOrientationLandscapeLeft UIInterfaceOrientationLandscapeRight";
				INFOPLIST_KEY_UISupportedInterfaceOrientations_iPhone = UIInterfaceOrientationPortrait;
				INFOPLIST_KEY_UIUserInterfaceStyle = Light;
				IPHONEOS_DEPLOYMENT_TARGET = 13.0;
				LD_RUNPATH_SEARCH_PATHS = (
					"$(inherited)",
					"@executable_path/Frameworks",
				);
				MARKETING_VERSION = 1.0.0;
				ONLY_ACTIVE_ARCH = YES;
				PRODUCT_BUNDLE_IDENTIFIER = kr.co.byunghak.PictureDiary;
				PRODUCT_NAME = "$(TARGET_NAME)";
				SWIFT_EMIT_LOC_STRINGS = YES;
				SWIFT_VERSION = 5.0;
				TARGETED_DEVICE_FAMILY = "1,2";
			};
			name = Release;
		};
/* End XCBuildConfiguration section */

/* Begin XCConfigurationList section */
		EAFE862027D0CD8C00519243 /* Build configuration list for PBXProject "PictureDiary" */ = {
			isa = XCConfigurationList;
			buildConfigurations = (
				EAFE863A27D0CD8D00519243 /* Debug */,
				EAFE863B27D0CD8D00519243 /* Release */,
			);
			defaultConfigurationIsVisible = 0;
			defaultConfigurationName = Release;
		};
		EAFE863C27D0CD8D00519243 /* Build configuration list for PBXNativeTarget "PictureDiary" */ = {
			isa = XCConfigurationList;
			buildConfigurations = (
				EAFE863D27D0CD8D00519243 /* Debug */,
				EAFE863E27D0CD8D00519243 /* Release */,
			);
			defaultConfigurationIsVisible = 0;
			defaultConfigurationName = Release;
		};
/* End XCConfigurationList section */

/* Begin XCVersionGroup section */
		EA01F9D9282A67C600A6E450 /* PictureDiary.xcdatamodeld */ = {
			isa = XCVersionGroup;
			children = (
				EA01F9DA282A67C600A6E450 /* PictureDiary.xcdatamodel */,
			);
			currentVersion = EA01F9DA282A67C600A6E450 /* PictureDiary.xcdatamodel */;
			path = PictureDiary.xcdatamodeld;
			sourceTree = "<group>";
			versionGroupType = wrapper.xcdatamodel;
		};
/* End XCVersionGroup section */
	};
	rootObject = EAFE861D27D0CD8C00519243 /* Project object */;
}
